// !$*UTF8*$!
{
	archiveVersion = 1;
	classes = {
	};
	objectVersion = 46;
	objects = {

/* Begin PBXBuildFile section */
		E1A21DE01FFF319300596BB7 /* AppDelegate.swift in Sources */ = {isa = PBXBuildFile; fileRef = E1A21DDF1FFF319300596BB7 /* AppDelegate.swift */; };
		E1A21DE21FFF319300596BB7 /* ViewController.swift in Sources */ = {isa = PBXBuildFile; fileRef = E1A21DE11FFF319300596BB7 /* ViewController.swift */; };
		E1A21DE51FFF319300596BB7 /* Main.storyboard in Resources */ = {isa = PBXBuildFile; fileRef = E1A21DE31FFF319300596BB7 /* Main.storyboard */; };
		E1A21DE71FFF319300596BB7 /* Assets.xcassets in Resources */ = {isa = PBXBuildFile; fileRef = E1A21DE61FFF319300596BB7 /* Assets.xcassets */; };
		E1A21DEA1FFF319300596BB7 /* LaunchScreen.storyboard in Resources */ = {isa = PBXBuildFile; fileRef = E1A21DE81FFF319300596BB7 /* LaunchScreen.storyboard */; };
		E1EDAB4F1FFF86FC004DD7B9 /* MainTabberVC.swift in Sources */ = {isa = PBXBuildFile; fileRef = E1EDAB4E1FFF86FC004DD7B9 /* MainTabberVC.swift */; };
		E1EDAB541FFF8841004DD7B9 /* MainRootVC.swift in Sources */ = {isa = PBXBuildFile; fileRef = E1EDAB531FFF8841004DD7B9 /* MainRootVC.swift */; };
		E1EDAB5E200319A5004DD7B9 /* Util.swift in Sources */ = {isa = PBXBuildFile; fileRef = E1EDAB5D200319A5004DD7B9 /* Util.swift */; };
		E1EDAB7120033D26004DD7B9 /* LoadBlockView.m in Sources */ = {isa = PBXBuildFile; fileRef = E1EDAB6220033D24004DD7B9 /* LoadBlockView.m */; };
		E1EDAB7220033D26004DD7B9 /* NaviBarVC.m in Sources */ = {isa = PBXBuildFile; fileRef = E1EDAB6420033D24004DD7B9 /* NaviBarVC.m */; };
		E1EDAB7320033D26004DD7B9 /* VCAnimationClassic.m in Sources */ = {isa = PBXBuildFile; fileRef = E1EDAB6520033D24004DD7B9 /* VCAnimationClassic.m */; };
		E1EDAB7420033D26004DD7B9 /* BaseNameVC.m in Sources */ = {isa = PBXBuildFile; fileRef = E1EDAB6620033D24004DD7B9 /* BaseNameVC.m */; };
		E1EDAB7520033D26004DD7B9 /* VCController.m in Sources */ = {isa = PBXBuildFile; fileRef = E1EDAB6C20033D25004DD7B9 /* VCController.m */; };
		E1EDAB7620033D26004DD7B9 /* LoadEmptyView.m in Sources */ = {isa = PBXBuildFile; fileRef = E1EDAB6E20033D26004DD7B9 /* LoadEmptyView.m */; };
		E1EDAB7720033D26004DD7B9 /* VCAnimationBottom.m in Sources */ = {isa = PBXBuildFile; fileRef = E1EDAB6F20033D26004DD7B9 /* VCAnimationBottom.m */; };
		F5BE3CBAD0F39EF485E36BCE /* Pods_UIDS.framework in Frameworks */ = {isa = PBXBuildFile; fileRef = 5E0B3BDADA183A4F7C7B18FB /* Pods_UIDS.framework */; };
/* End PBXBuildFile section */

/* Begin PBXFileReference section */
		40A5AF17359BE7B50D6E8B26 /* Pods-UIDS.debug.xcconfig */ = {isa = PBXFileReference; includeInIndex = 1; lastKnownFileType = text.xcconfig; name = "Pods-UIDS.debug.xcconfig"; path = "Pods/Target Support Files/Pods-UIDS/Pods-UIDS.debug.xcconfig"; sourceTree = "<group>"; };
		5E0B3BDADA183A4F7C7B18FB /* Pods_UIDS.framework */ = {isa = PBXFileReference; explicitFileType = wrapper.framework; includeInIndex = 0; path = Pods_UIDS.framework; sourceTree = BUILT_PRODUCTS_DIR; };
		C2F2C6A95BE461D02F16B861 /* Pods-UIDS.release.xcconfig */ = {isa = PBXFileReference; includeInIndex = 1; lastKnownFileType = text.xcconfig; name = "Pods-UIDS.release.xcconfig"; path = "Pods/Target Support Files/Pods-UIDS/Pods-UIDS.release.xcconfig"; sourceTree = "<group>"; };
		E1A21DDC1FFF319300596BB7 /* UIDS.app */ = {isa = PBXFileReference; explicitFileType = wrapper.application; includeInIndex = 0; path = UIDS.app; sourceTree = BUILT_PRODUCTS_DIR; };
		E1A21DDF1FFF319300596BB7 /* AppDelegate.swift */ = {isa = PBXFileReference; lastKnownFileType = sourcecode.swift; path = AppDelegate.swift; sourceTree = "<group>"; };
		E1A21DE11FFF319300596BB7 /* ViewController.swift */ = {isa = PBXFileReference; lastKnownFileType = sourcecode.swift; path = ViewController.swift; sourceTree = "<group>"; };
		E1A21DE41FFF319300596BB7 /* Base */ = {isa = PBXFileReference; lastKnownFileType = file.storyboard; name = Base; path = Base.lproj/Main.storyboard; sourceTree = "<group>"; };
		E1A21DE61FFF319300596BB7 /* Assets.xcassets */ = {isa = PBXFileReference; lastKnownFileType = folder.assetcatalog; path = Assets.xcassets; sourceTree = "<group>"; };
		E1A21DE91FFF319300596BB7 /* Base */ = {isa = PBXFileReference; lastKnownFileType = file.storyboard; name = Base; path = Base.lproj/LaunchScreen.storyboard; sourceTree = "<group>"; };
		E1A21DEB1FFF319300596BB7 /* Info.plist */ = {isa = PBXFileReference; lastKnownFileType = text.plist.xml; path = Info.plist; sourceTree = "<group>"; };
		E1EDAB4E1FFF86FC004DD7B9 /* MainTabberVC.swift */ = {isa = PBXFileReference; lastKnownFileType = sourcecode.swift; path = MainTabberVC.swift; sourceTree = "<group>"; };
		E1EDAB531FFF8841004DD7B9 /* MainRootVC.swift */ = {isa = PBXFileReference; lastKnownFileType = sourcecode.swift; path = MainRootVC.swift; sourceTree = "<group>"; };
		E1EDAB5A2003150D004DD7B9 /* Bridging-Header.h */ = {isa = PBXFileReference; fileEncoding = 4; lastKnownFileType = sourcecode.c.h; path = "Bridging-Header.h"; sourceTree = "<group>"; };
		E1EDAB5D200319A5004DD7B9 /* Util.swift */ = {isa = PBXFileReference; lastKnownFileType = sourcecode.swift; path = Util.swift; sourceTree = "<group>"; };
		E1EDAB5F20033D23004DD7B9 /* LoadBlockPtc.h */ = {isa = PBXFileReference; fileEncoding = 4; lastKnownFileType = sourcecode.c.h; path = LoadBlockPtc.h; sourceTree = "<group>"; };
		E1EDAB6020033D23004DD7B9 /* LoadBlockView.h */ = {isa = PBXFileReference; fileEncoding = 4; lastKnownFileType = sourcecode.c.h; path = LoadBlockView.h; sourceTree = "<group>"; };
		E1EDAB6120033D23004DD7B9 /* LoadEmptyPtc.h */ = {isa = PBXFileReference; fileEncoding = 4; lastKnownFileType = sourcecode.c.h; path = LoadEmptyPtc.h; sourceTree = "<group>"; };
		E1EDAB6220033D24004DD7B9 /* LoadBlockView.m */ = {isa = PBXFileReference; fileEncoding = 4; lastKnownFileType = sourcecode.c.objc; path = LoadBlockView.m; sourceTree = "<group>"; };
		E1EDAB6320033D24004DD7B9 /* LoadEmptyView.h */ = {isa = PBXFileReference; fileEncoding = 4; lastKnownFileType = sourcecode.c.h; path = LoadEmptyView.h; sourceTree = "<group>"; };
		E1EDAB6420033D24004DD7B9 /* NaviBarVC.m */ = {isa = PBXFileReference; fileEncoding = 4; lastKnownFileType = sourcecode.c.objc; path = NaviBarVC.m; sourceTree = "<group>"; };
		E1EDAB6520033D24004DD7B9 /* VCAnimationClassic.m */ = {isa = PBXFileReference; fileEncoding = 4; lastKnownFileType = sourcecode.c.objc; path = VCAnimationClassic.m; sourceTree = "<group>"; };
		E1EDAB6620033D24004DD7B9 /* BaseNameVC.m */ = {isa = PBXFileReference; fileEncoding = 4; lastKnownFileType = sourcecode.c.objc; path = BaseNameVC.m; sourceTree = "<group>"; };
		E1EDAB6720033D24004DD7B9 /* VCControllerPtc.h */ = {isa = PBXFileReference; fileEncoding = 4; lastKnownFileType = sourcecode.c.h; path = VCControllerPtc.h; sourceTree = "<group>"; };
		E1EDAB6820033D25004DD7B9 /* VCAnimationClassic.h */ = {isa = PBXFileReference; fileEncoding = 4; lastKnownFileType = sourcecode.c.h; path = VCAnimationClassic.h; sourceTree = "<group>"; };
		E1EDAB6920033D25004DD7B9 /* BaseNameVC.h */ = {isa = PBXFileReference; fileEncoding = 4; lastKnownFileType = sourcecode.c.h; path = BaseNameVC.h; sourceTree = "<group>"; };
		E1EDAB6A20033D25004DD7B9 /* NaviBarVC.h */ = {isa = PBXFileReference; fileEncoding = 4; lastKnownFileType = sourcecode.c.h; path = NaviBarVC.h; sourceTree = "<group>"; };
		E1EDAB6B20033D25004DD7B9 /* VCAnimationBottom.h */ = {isa = PBXFileReference; fileEncoding = 4; lastKnownFileType = sourcecode.c.h; path = VCAnimationBottom.h; sourceTree = "<group>"; };
		E1EDAB6C20033D25004DD7B9 /* VCController.m */ = {isa = PBXFileReference; fileEncoding = 4; lastKnownFileType = sourcecode.c.objc; path = VCController.m; sourceTree = "<group>"; };
		E1EDAB6D20033D25004DD7B9 /* VCAnimation.h */ = {isa = PBXFileReference; fileEncoding = 4; lastKnownFileType = sourcecode.c.h; path = VCAnimation.h; sourceTree = "<group>"; };
		E1EDAB6E20033D26004DD7B9 /* LoadEmptyView.m */ = {isa = PBXFileReference; fileEncoding = 4; lastKnownFileType = sourcecode.c.objc; path = LoadEmptyView.m; sourceTree = "<group>"; };
		E1EDAB6F20033D26004DD7B9 /* VCAnimationBottom.m */ = {isa = PBXFileReference; fileEncoding = 4; lastKnownFileType = sourcecode.c.objc; path = VCAnimationBottom.m; sourceTree = "<group>"; };
		E1EDAB7020033D26004DD7B9 /* VCController.h */ = {isa = PBXFileReference; fileEncoding = 4; lastKnownFileType = sourcecode.c.h; path = VCController.h; sourceTree = "<group>"; };
/* End PBXFileReference section */

/* Begin PBXFrameworksBuildPhase section */
		E1A21DD91FFF319300596BB7 /* Frameworks */ = {
			isa = PBXFrameworksBuildPhase;
			buildActionMask = 2147483647;
			files = (
				F5BE3CBAD0F39EF485E36BCE /* Pods_UIDS.framework in Frameworks */,
			);
			runOnlyForDeploymentPostprocessing = 0;
		};
/* End PBXFrameworksBuildPhase section */

/* Begin PBXGroup section */
		95C2F0CD76E3AD6C4FCCBD23 /* Frameworks */ = {
			isa = PBXGroup;
			children = (
				5E0B3BDADA183A4F7C7B18FB /* Pods_UIDS.framework */,
			);
			name = Frameworks;
			sourceTree = "<group>";
		};
		DB31ACE4ABB8317BCCF4D7B3 /* Pods */ = {
			isa = PBXGroup;
			children = (
				40A5AF17359BE7B50D6E8B26 /* Pods-UIDS.debug.xcconfig */,
				C2F2C6A95BE461D02F16B861 /* Pods-UIDS.release.xcconfig */,
			);
			name = Pods;
			sourceTree = "<group>";
		};
		E1A21DD31FFF319300596BB7 = {
			isa = PBXGroup;
			children = (
				E1A21DDE1FFF319300596BB7 /* UIDS */,
				E1A21DDD1FFF319300596BB7 /* Products */,
				DB31ACE4ABB8317BCCF4D7B3 /* Pods */,
				95C2F0CD76E3AD6C4FCCBD23 /* Frameworks */,
			);
			sourceTree = "<group>";
		};
		E1A21DDD1FFF319300596BB7 /* Products */ = {
			isa = PBXGroup;
			children = (
				E1A21DDC1FFF319300596BB7 /* UIDS.app */,
			);
			name = Products;
			sourceTree = "<group>";
		};
		E1A21DDE1FFF319300596BB7 /* UIDS */ = {
			isa = PBXGroup;
			children = (
				E1F093B81FFF6A4000A6FD95 /* B+ */,
				E1EDAB4D1FFF86A1004DD7B9 /* mainVC */,
				E1A21DDF1FFF319300596BB7 /* AppDelegate.swift */,
				E1A21DE11FFF319300596BB7 /* ViewController.swift */,
				E1A21DE31FFF319300596BB7 /* Main.storyboard */,
				E1A21DE61FFF319300596BB7 /* Assets.xcassets */,
				E1A21DE81FFF319300596BB7 /* LaunchScreen.storyboard */,
				E1A21DEB1FFF319300596BB7 /* Info.plist */,
			);
			path = UIDS;
			sourceTree = "<group>";
		};
		E1EDAB4D1FFF86A1004DD7B9 /* mainVC */ = {
			isa = PBXGroup;
			children = (
				E1EDAB4E1FFF86FC004DD7B9 /* MainTabberVC.swift */,
				E1EDAB531FFF8841004DD7B9 /* MainRootVC.swift */,
			);
			path = mainVC;
			sourceTree = "<group>";
		};
		E1EDAB5B200318D9004DD7B9 /* B+VC */ = {
			isa = PBXGroup;
			children = (
				E1EDAB6920033D25004DD7B9 /* BaseNameVC.h */,
				E1EDAB6620033D24004DD7B9 /* BaseNameVC.m */,
				E1EDAB5F20033D23004DD7B9 /* LoadBlockPtc.h */,
				E1EDAB6020033D23004DD7B9 /* LoadBlockView.h */,
				E1EDAB6220033D24004DD7B9 /* LoadBlockView.m */,
				E1EDAB6120033D23004DD7B9 /* LoadEmptyPtc.h */,
				E1EDAB6320033D24004DD7B9 /* LoadEmptyView.h */,
				E1EDAB6E20033D26004DD7B9 /* LoadEmptyView.m */,
				E1EDAB6A20033D25004DD7B9 /* NaviBarVC.h */,
				E1EDAB6420033D24004DD7B9 /* NaviBarVC.m */,
				E1EDAB6D20033D25004DD7B9 /* VCAnimation.h */,
				E1EDAB6B20033D25004DD7B9 /* VCAnimationBottom.h */,
				E1EDAB6F20033D26004DD7B9 /* VCAnimationBottom.m */,
				E1EDAB6820033D25004DD7B9 /* VCAnimationClassic.h */,
				E1EDAB6520033D24004DD7B9 /* VCAnimationClassic.m */,
				E1EDAB7020033D26004DD7B9 /* VCController.h */,
				E1EDAB6C20033D25004DD7B9 /* VCController.m */,
				E1EDAB6720033D24004DD7B9 /* VCControllerPtc.h */,
			);
			path = "B+VC";
			sourceTree = "<group>";
		};
		E1EDAB5C20031980004DD7B9 /* B+Util */ = {
			isa = PBXGroup;
			children = (
				E1EDAB5D200319A5004DD7B9 /* Util.swift */,
			);
			path = "B+Util";
			sourceTree = "<group>";
		};
		E1F093B81FFF6A4000A6FD95 /* B+ */ = {
			isa = PBXGroup;
			children = (
				E1EDAB5A2003150D004DD7B9 /* Bridging-Header.h */,
				E1EDAB5B200318D9004DD7B9 /* B+VC */,
				E1EDAB5C20031980004DD7B9 /* B+Util */,
			);
			path = "B+";
			sourceTree = "<group>";
		};
/* End PBXGroup section */

/* Begin PBXNativeTarget section */
		E1A21DDB1FFF319300596BB7 /* UIDS */ = {
			isa = PBXNativeTarget;
			buildConfigurationList = E1A21DEE1FFF319300596BB7 /* Build configuration list for PBXNativeTarget "UIDS" */;
			buildPhases = (
				0F3E59561B8E96E3B7087727 /* [CP] Check Pods Manifest.lock */,
				E1A21DD81FFF319300596BB7 /* Sources */,
				E1A21DD91FFF319300596BB7 /* Frameworks */,
				E1A21DDA1FFF319300596BB7 /* Resources */,
				79259C4F8F0FCDB0C85CE9B9 /* [CP] Embed Pods Frameworks */,
				5315534B711BE3CE83958554 /* [CP] Copy Pods Resources */,
			);
			buildRules = (
			);
			dependencies = (
			);
			name = UIDS;
			productName = UIDS;
			productReference = E1A21DDC1FFF319300596BB7 /* UIDS.app */;
			productType = "com.apple.product-type.application";
		};
/* End PBXNativeTarget section */

/* Begin PBXProject section */
		E1A21DD41FFF319300596BB7 /* Project object */ = {
			isa = PBXProject;
			attributes = {
				LastSwiftUpdateCheck = 0800;
				LastUpgradeCheck = 0800;
				ORGANIZATIONNAME = one2much;
				TargetAttributes = {
					E1A21DDB1FFF319300596BB7 = {
						CreatedOnToolsVersion = 8.0;
						LastSwiftMigration = 0920;
						ProvisioningStyle = Automatic;
					};
				};
			};
			buildConfigurationList = E1A21DD71FFF319300596BB7 /* Build configuration list for PBXProject "UIDS" */;
			compatibilityVersion = "Xcode 3.2";
			developmentRegion = English;
			hasScannedForEncodings = 0;
			knownRegions = (
				en,
				Base,
			);
			mainGroup = E1A21DD31FFF319300596BB7;
			productRefGroup = E1A21DDD1FFF319300596BB7 /* Products */;
			projectDirPath = "";
			projectRoot = "";
			targets = (
				E1A21DDB1FFF319300596BB7 /* UIDS */,
			);
		};
/* End PBXProject section */

/* Begin PBXResourcesBuildPhase section */
		E1A21DDA1FFF319300596BB7 /* Resources */ = {
			isa = PBXResourcesBuildPhase;
			buildActionMask = 2147483647;
			files = (
				E1A21DEA1FFF319300596BB7 /* LaunchScreen.storyboard in Resources */,
				E1A21DE71FFF319300596BB7 /* Assets.xcassets in Resources */,
				E1A21DE51FFF319300596BB7 /* Main.storyboard in Resources */,
			);
			runOnlyForDeploymentPostprocessing = 0;
		};
/* End PBXResourcesBuildPhase section */

/* Begin PBXShellScriptBuildPhase section */
		0F3E59561B8E96E3B7087727 /* [CP] Check Pods Manifest.lock */ = {
			isa = PBXShellScriptBuildPhase;
			buildActionMask = 2147483647;
			files = (
			);
			inputPaths = (
				"${PODS_PODFILE_DIR_PATH}/Podfile.lock",
				"${PODS_ROOT}/Manifest.lock",
			);
			name = "[CP] Check Pods Manifest.lock";
			outputPaths = (
				"$(DERIVED_FILE_DIR)/Pods-UIDS-checkManifestLockResult.txt",
			);
			runOnlyForDeploymentPostprocessing = 0;
			shellPath = /bin/sh;
			shellScript = "diff \"${PODS_PODFILE_DIR_PATH}/Podfile.lock\" \"${PODS_ROOT}/Manifest.lock\" > /dev/null\nif [ $? != 0 ] ; then\n    # print error to STDERR\n    echo \"error: The sandbox is not in sync with the Podfile.lock. Run 'pod install' or update your CocoaPods installation.\" >&2\n    exit 1\nfi\n# This output is used by Xcode 'outputs' to avoid re-running this script phase.\necho \"SUCCESS\" > \"${SCRIPT_OUTPUT_FILE_0}\"\n";
			showEnvVarsInLog = 0;
		};
		5315534B711BE3CE83958554 /* [CP] Copy Pods Resources */ = {
			isa = PBXShellScriptBuildPhase;
			buildActionMask = 2147483647;
			files = (
			);
			inputPaths = (
			);
			name = "[CP] Copy Pods Resources";
			outputPaths = (
			);
			runOnlyForDeploymentPostprocessing = 0;
			shellPath = /bin/sh;
			shellScript = "\"${SRCROOT}/Pods/Target Support Files/Pods-UIDS/Pods-UIDS-resources.sh\"\n";
			showEnvVarsInLog = 0;
		};
		79259C4F8F0FCDB0C85CE9B9 /* [CP] Embed Pods Frameworks */ = {
			isa = PBXShellScriptBuildPhase;
			buildActionMask = 2147483647;
			files = (
			);
			inputPaths = (
				"${SRCROOT}/Pods/Target Support Files/Pods-UIDS/Pods-UIDS-frameworks.sh",
				"${BUILT_PRODUCTS_DIR}/BWWalkthrough/BWWalkthrough.framework",
				"${BUILT_PRODUCTS_DIR}/ChameleonFramework/ChameleonFramework.framework",
				"${BUILT_PRODUCTS_DIR}/DZNEmptyDataSet/DZNEmptyDataSet.framework",
				"${BUILT_PRODUCTS_DIR}/Dodo/Dodo.framework",
				"${BUILT_PRODUCTS_DIR}/FontAwesomeKit/FontAwesomeKit.framework",
				"${BUILT_PRODUCTS_DIR}/MagicalRecord/MagicalRecord.framework",
				"${BUILT_PRODUCTS_DIR}/PKRevealController/PKRevealController.framework",
				"${BUILT_PRODUCTS_DIR}/RAMAnimatedTabBarController/RAMAnimatedTabBarController.framework",
				"${BUILT_PRODUCTS_DIR}/REFormattedNumberField/REFormattedNumberField.framework",
				"${BUILT_PRODUCTS_DIR}/RETableViewManager/RETableViewManager.framework",
				"${BUILT_PRODUCTS_DIR}/REValidation/REValidation.framework",
				"${BUILT_PRODUCTS_DIR}/SVProgressHUD/SVProgressHUD.framework",
				"${BUILT_PRODUCTS_DIR}/SwiftyJSON/SwiftyJSON.framework",
				"${BUILT_PRODUCTS_DIR}/iRate/iRate.framework",
			);
			name = "[CP] Embed Pods Frameworks";
			outputPaths = (
				"${TARGET_BUILD_DIR}/${FRAMEWORKS_FOLDER_PATH}/BWWalkthrough.framework",
				"${TARGET_BUILD_DIR}/${FRAMEWORKS_FOLDER_PATH}/ChameleonFramework.framework",
				"${TARGET_BUILD_DIR}/${FRAMEWORKS_FOLDER_PATH}/DZNEmptyDataSet.framework",
				"${TARGET_BUILD_DIR}/${FRAMEWORKS_FOLDER_PATH}/Dodo.framework",
				"${TARGET_BUILD_DIR}/${FRAMEWORKS_FOLDER_PATH}/FontAwesomeKit.framework",
				"${TARGET_BUILD_DIR}/${FRAMEWORKS_FOLDER_PATH}/MagicalRecord.framework",
				"${TARGET_BUILD_DIR}/${FRAMEWORKS_FOLDER_PATH}/PKRevealController.framework",
				"${TARGET_BUILD_DIR}/${FRAMEWORKS_FOLDER_PATH}/RAMAnimatedTabBarController.framework",
				"${TARGET_BUILD_DIR}/${FRAMEWORKS_FOLDER_PATH}/REFormattedNumberField.framework",
				"${TARGET_BUILD_DIR}/${FRAMEWORKS_FOLDER_PATH}/RETableViewManager.framework",
				"${TARGET_BUILD_DIR}/${FRAMEWORKS_FOLDER_PATH}/REValidation.framework",
				"${TARGET_BUILD_DIR}/${FRAMEWORKS_FOLDER_PATH}/SVProgressHUD.framework",
				"${TARGET_BUILD_DIR}/${FRAMEWORKS_FOLDER_PATH}/SwiftyJSON.framework",
				"${TARGET_BUILD_DIR}/${FRAMEWORKS_FOLDER_PATH}/iRate.framework",
			);
			runOnlyForDeploymentPostprocessing = 0;
			shellPath = /bin/sh;
			shellScript = "\"${SRCROOT}/Pods/Target Support Files/Pods-UIDS/Pods-UIDS-frameworks.sh\"\n";
			showEnvVarsInLog = 0;
		};
/* End PBXShellScriptBuildPhase section */

/* Begin PBXSourcesBuildPhase section */
		E1A21DD81FFF319300596BB7 /* Sources */ = {
			isa = PBXSourcesBuildPhase;
			buildActionMask = 2147483647;
			files = (
				E1A21DE21FFF319300596BB7 /* ViewController.swift in Sources */,
				E1EDAB541FFF8841004DD7B9 /* MainRootVC.swift in Sources */,
				E1EDAB7520033D26004DD7B9 /* VCController.m in Sources */,
				E1EDAB7320033D26004DD7B9 /* VCAnimationClassic.m in Sources */,
				E1EDAB7720033D26004DD7B9 /* VCAnimationBottom.m in Sources */,
				E1EDAB5E200319A5004DD7B9 /* Util.swift in Sources */,
				E1EDAB7420033D26004DD7B9 /* BaseNameVC.m in Sources */,
				E1EDAB7620033D26004DD7B9 /* LoadEmptyView.m in Sources */,
				E1EDAB7220033D26004DD7B9 /* NaviBarVC.m in Sources */,
				E1EDAB4F1FFF86FC004DD7B9 /* MainTabberVC.swift in Sources */,
				E1EDAB7120033D26004DD7B9 /* LoadBlockView.m in Sources */,
				E1A21DE01FFF319300596BB7 /* AppDelegate.swift in Sources */,
			);
			runOnlyForDeploymentPostprocessing = 0;
		};
/* End PBXSourcesBuildPhase section */

/* Begin PBXVariantGroup section */
		E1A21DE31FFF319300596BB7 /* Main.storyboard */ = {
			isa = PBXVariantGroup;
			children = (
				E1A21DE41FFF319300596BB7 /* Base */,
			);
			name = Main.storyboard;
			sourceTree = "<group>";
		};
		E1A21DE81FFF319300596BB7 /* LaunchScreen.storyboard */ = {
			isa = PBXVariantGroup;
			children = (
				E1A21DE91FFF319300596BB7 /* Base */,
			);
			name = LaunchScreen.storyboard;
			sourceTree = "<group>";
		};
/* End PBXVariantGroup section */

/* Begin XCBuildConfiguration section */
		E1A21DEC1FFF319300596BB7 /* Debug */ = {
			isa = XCBuildConfiguration;
			buildSettings = {
				ALWAYS_SEARCH_USER_PATHS = NO;
				CLANG_ANALYZER_NONNULL = YES;
				CLANG_CXX_LANGUAGE_STANDARD = "gnu++0x";
				CLANG_CXX_LIBRARY = "libc++";
				CLANG_ENABLE_MODULES = YES;
				CLANG_ENABLE_OBJC_ARC = YES;
				CLANG_WARN_BOOL_CONVERSION = YES;
				CLANG_WARN_CONSTANT_CONVERSION = YES;
				CLANG_WARN_DIRECT_OBJC_ISA_USAGE = YES_ERROR;
				CLANG_WARN_DOCUMENTATION_COMMENTS = YES;
				CLANG_WARN_EMPTY_BODY = YES;
				CLANG_WARN_ENUM_CONVERSION = YES;
				CLANG_WARN_INFINITE_RECURSION = YES;
				CLANG_WARN_INT_CONVERSION = YES;
				CLANG_WARN_OBJC_ROOT_CLASS = YES_ERROR;
				CLANG_WARN_SUSPICIOUS_MOVES = YES;
				CLANG_WARN_UNREACHABLE_CODE = YES;
				CLANG_WARN__DUPLICATE_METHOD_MATCH = YES;
				"CODE_SIGN_IDENTITY[sdk=iphoneos*]" = "iPhone Developer";
				COPY_PHASE_STRIP = NO;
				DEBUG_INFORMATION_FORMAT = dwarf;
				ENABLE_STRICT_OBJC_MSGSEND = YES;
				ENABLE_TESTABILITY = YES;
				GCC_C_LANGUAGE_STANDARD = gnu99;
				GCC_DYNAMIC_NO_PIC = NO;
				GCC_NO_COMMON_BLOCKS = YES;
				GCC_OPTIMIZATION_LEVEL = 0;
				GCC_PREPROCESSOR_DEFINITIONS = (
					"DEBUG=1",
					"$(inherited)",
				);
				GCC_WARN_64_TO_32_BIT_CONVERSION = YES;
				GCC_WARN_ABOUT_RETURN_TYPE = YES_ERROR;
				GCC_WARN_UNDECLARED_SELECTOR = YES;
				GCC_WARN_UNINITIALIZED_AUTOS = YES_AGGRESSIVE;
				GCC_WARN_UNUSED_FUNCTION = YES;
				GCC_WARN_UNUSED_VARIABLE = YES;
				IPHONEOS_DEPLOYMENT_TARGET = 10.0;
				MTL_ENABLE_DEBUG_INFO = YES;
				ONLY_ACTIVE_ARCH = YES;
				SDKROOT = iphoneos;
				SWIFT_ACTIVE_COMPILATION_CONDITIONS = DEBUG;
				SWIFT_OBJC_BRIDGING_HEADER = "$(SRCROOT)/UIDS/B+/Bridging-Header.h";
				SWIFT_OPTIMIZATION_LEVEL = "-Onone";
			};
			name = Debug;
		};
		E1A21DED1FFF319300596BB7 /* Release */ = {
			isa = XCBuildConfiguration;
			buildSettings = {
				ALWAYS_SEARCH_USER_PATHS = NO;
				CLANG_ANALYZER_NONNULL = YES;
				CLANG_CXX_LANGUAGE_STANDARD = "gnu++0x";
				CLANG_CXX_LIBRARY = "libc++";
				CLANG_ENABLE_MODULES = YES;
				CLANG_ENABLE_OBJC_ARC = YES;
				CLANG_WARN_BOOL_CONVERSION = YES;
				CLANG_WARN_CONSTANT_CONVERSION = YES;
				CLANG_WARN_DIRECT_OBJC_ISA_USAGE = YES_ERROR;
				CLANG_WARN_DOCUMENTATION_COMMENTS = YES;
				CLANG_WARN_EMPTY_BODY = YES;
				CLANG_WARN_ENUM_CONVERSION = YES;
				CLANG_WARN_INFINITE_RECURSION = YES;
				CLANG_WARN_INT_CONVERSION = YES;
				CLANG_WARN_OBJC_ROOT_CLASS = YES_ERROR;
				CLANG_WARN_SUSPICIOUS_MOVES = YES;
				CLANG_WARN_UNREACHABLE_CODE = YES;
				CLANG_WARN__DUPLICATE_METHOD_MATCH = YES;
				"CODE_SIGN_IDENTITY[sdk=iphoneos*]" = "iPhone Developer";
				COPY_PHASE_STRIP = NO;
				DEBUG_INFORMATION_FORMAT = "dwarf-with-dsym";
				ENABLE_NS_ASSERTIONS = NO;
				ENABLE_STRICT_OBJC_MSGSEND = YES;
				GCC_C_LANGUAGE_STANDARD = gnu99;
				GCC_NO_COMMON_BLOCKS = YES;
				GCC_WARN_64_TO_32_BIT_CONVERSION = YES;
				GCC_WARN_ABOUT_RETURN_TYPE = YES_ERROR;
				GCC_WARN_UNDECLARED_SELECTOR = YES;
				GCC_WARN_UNINITIALIZED_AUTOS = YES_AGGRESSIVE;
				GCC_WARN_UNUSED_FUNCTION = YES;
				GCC_WARN_UNUSED_VARIABLE = YES;
				IPHONEOS_DEPLOYMENT_TARGET = 10.0;
				MTL_ENABLE_DEBUG_INFO = NO;
				SDKROOT = iphoneos;
				SWIFT_OBJC_BRIDGING_HEADER = "$(SRCROOT)/UIDS/B+/Bridging-Header.h";
				SWIFT_OPTIMIZATION_LEVEL = "-Owholemodule";
				VALIDATE_PRODUCT = YES;
			};
			name = Release;
		};
		E1A21DEF1FFF319300596BB7 /* Debug */ = {
			isa = XCBuildConfiguration;
			baseConfigurationReference = 40A5AF17359BE7B50D6E8B26 /* Pods-UIDS.debug.xcconfig */;
			buildSettings = {
				ASSETCATALOG_COMPILER_APPICON_NAME = AppIcon;
				CLANG_ENABLE_MODULES = YES;
				GCC_PREFIX_HEADER = "";
				INFOPLIST_FILE = UIDS/Info.plist;
				IPHONEOS_DEPLOYMENT_TARGET = 10.3;
				LD_RUNPATH_SEARCH_PATHS = "$(inherited) @executable_path/Frameworks";
				PRODUCT_BUNDLE_IDENTIFIER = com.c.UIDS;
				PRODUCT_NAME = "$(TARGET_NAME)";
				SWIFT_OBJC_BRIDGING_HEADER = "$(SRCROOT)/UIDS/B+/Bridging-Header.h";
				SWIFT_OPTIMIZATION_LEVEL = "-Onone";
				SWIFT_VERSION = 3.0;
				USER_HEADER_SEARCH_PATHS = "";
			};
			name = Debug;
		};
		E1A21DF01FFF319300596BB7 /* Release */ = {
			isa = XCBuildConfiguration;
			baseConfigurationReference = C2F2C6A95BE461D02F16B861 /* Pods-UIDS.release.xcconfig */;
			buildSettings = {
				ASSETCATALOG_COMPILER_APPICON_NAME = AppIcon;
				CLANG_ENABLE_MODULES = YES;
				GCC_PREFIX_HEADER = "";
				INFOPLIST_FILE = UIDS/Info.plist;
				IPHONEOS_DEPLOYMENT_TARGET = 10.3;
				LD_RUNPATH_SEARCH_PATHS = "$(inherited) @executable_path/Frameworks";
				PRODUCT_BUNDLE_IDENTIFIER = com.c.UIDS;
				PRODUCT_NAME = "$(TARGET_NAME)";
				SWIFT_OBJC_BRIDGING_HEADER = "$(SRCROOT)/UIDS/B+/Bridging-Header.h";
				SWIFT_VERSION = 3.0;
				USER_HEADER_SEARCH_PATHS = "";
			};
			name = Release;
		};
/* End XCBuildConfiguration section */

/* Begin XCConfigurationList section */
		E1A21DD71FFF319300596BB7 /* Build configuration list for PBXProject "UIDS" */ = {
			isa = XCConfigurationList;
			buildConfigurations = (
				E1A21DEC1FFF319300596BB7 /* Debug */,
				E1A21DED1FFF319300596BB7 /* Release */,
			);
			defaultConfigurationIsVisible = 0;
			defaultConfigurationName = Release;
		};
		E1A21DEE1FFF319300596BB7 /* Build configuration list for PBXNativeTarget "UIDS" */ = {
			isa = XCConfigurationList;
			buildConfigurations = (
				E1A21DEF1FFF319300596BB7 /* Debug */,
				E1A21DF01FFF319300596BB7 /* Release */,
			);
			defaultConfigurationIsVisible = 0;
			defaultConfigurationName = Release;
		};
/* End XCConfigurationList section */
	};
	rootObject = E1A21DD41FFF319300596BB7 /* Project object */;
}
