// !$*UTF8*$!
{
	archiveVersion = 1;
	classes = {
	};
	objectVersion = 46;
	objects = {

/* Begin PBXBuildFile section */
		E1A21DE01FFF319300596BB7 /* AppDelegate.swift in Sources */ = {isa = PBXBuildFile; fileRef = E1A21DDF1FFF319300596BB7 /* AppDelegate.swift */; };
		E1A21DE21FFF319300596BB7 /* ViewController.swift in Sources */ = {isa = PBXBuildFile; fileRef = E1A21DE11FFF319300596BB7 /* ViewController.swift */; };
		E1A21DE51FFF319300596BB7 /* Main.storyboard in Resources */ = {isa = PBXBuildFile; fileRef = E1A21DE31FFF319300596BB7 /* Main.storyboard */; };
		E1A21DE71FFF319300596BB7 /* Assets.xcassets in Resources */ = {isa = PBXBuildFile; fileRef = E1A21DE61FFF319300596BB7 /* Assets.xcassets */; };
		E1A21DEA1FFF319300596BB7 /* LaunchScreen.storyboard in Resources */ = {isa = PBXBuildFile; fileRef = E1A21DE81FFF319300596BB7 /* LaunchScreen.storyboard */; };
		E1C0319A2005C08100B1A377 /* ExampleBasicContentView.swift in Sources */ = {isa = PBXBuildFile; fileRef = E1C031992005C08100B1A377 /* ExampleBasicContentView.swift */; };
		E1C0319E2005C09D00B1A377 /* ExampleBouncesContentView.swift in Sources */ = {isa = PBXBuildFile; fileRef = E1C0319D2005C09D00B1A377 /* ExampleBouncesContentView.swift */; };
		E1C031A02005CBF400B1A377 /* NextVC.swift in Sources */ = {isa = PBXBuildFile; fileRef = E1C0319F2005CBF400B1A377 /* NextVC.swift */; };
		E1C031A32005CF5200B1A377 /* ExampleIrregularityBasicContentView.swift in Sources */ = {isa = PBXBuildFile; fileRef = E1C031A22005CF5100B1A377 /* ExampleIrregularityBasicContentView.swift */; };
		E1C031A620061DF500B1A377 /* SwipImgAreaCell.swift in Sources */ = {isa = PBXBuildFile; fileRef = E1C031A520061DF500B1A377 /* SwipImgAreaCell.swift */; };
		E1C031A820061E2800B1A377 /* SwipImgAreaView.swift in Sources */ = {isa = PBXBuildFile; fileRef = E1C031A720061E2800B1A377 /* SwipImgAreaView.swift */; };
		E1C031AA20061E6B00B1A377 /* SwipImgAreaPageControl.swift in Sources */ = {isa = PBXBuildFile; fileRef = E1C031A920061E6B00B1A377 /* SwipImgAreaPageControl.swift */; };
		E1C031AC20061E8500B1A377 /* SwipImgAreaPillPageControl.swift in Sources */ = {isa = PBXBuildFile; fileRef = E1C031AB20061E8500B1A377 /* SwipImgAreaPillPageControl.swift */; };
		E1C031AE20061EA000B1A377 /* SwipImgAreaSnakePageControl.swift in Sources */ = {isa = PBXBuildFile; fileRef = E1C031AD20061EA000B1A377 /* SwipImgAreaSnakePageControl.swift */; };
		E1C031B22006217C00B1A377 /* UIViewEXT.swift in Sources */ = {isa = PBXBuildFile; fileRef = E1C031B12006217C00B1A377 /* UIViewEXT.swift */; };
		E1C031B42006223C00B1A377 /* SwipImgAreaImagePageControl.swift in Sources */ = {isa = PBXBuildFile; fileRef = E1C031B32006223C00B1A377 /* SwipImgAreaImagePageControl.swift */; };
		E1C031B92006236500B1A377 /* lldotInActive.png in Resources */ = {isa = PBXBuildFile; fileRef = E1C031B62006236400B1A377 /* lldotInActive.png */; };
		E1C031BA2006236500B1A377 /* lldotActive.png in Resources */ = {isa = PBXBuildFile; fileRef = E1C031B72006236400B1A377 /* lldotActive.png */; };
		E1C031BB2006236500B1A377 /* llplaceholder.png in Resources */ = {isa = PBXBuildFile; fileRef = E1C031B82006236400B1A377 /* llplaceholder.png */; };
		E1C031BD200623A300B1A377 /* RootGender.swift in Sources */ = {isa = PBXBuildFile; fileRef = E1C031BC200623A300B1A377 /* RootGender.swift */; };
		E1C031C020062CBC00B1A377 /* OneImg.swift in Sources */ = {isa = PBXBuildFile; fileRef = E1C031BF20062CBC00B1A377 /* OneImg.swift */; };
		E1C031CA200704DF00B1A377 /* EAIntroView.m in Sources */ = {isa = PBXBuildFile; fileRef = E1C031C7200704DE00B1A377 /* EAIntroView.m */; };
		E1C031CB200704DF00B1A377 /* EAIntroPage.m in Sources */ = {isa = PBXBuildFile; fileRef = E1C031C8200704DE00B1A377 /* EAIntroPage.m */; };
		E1C031CE200707A800B1A377 /* EARestrictedScrollView.m in Sources */ = {isa = PBXBuildFile; fileRef = E1C031CD200707A800B1A377 /* EARestrictedScrollView.m */; };
		E1C031D320070B1600B1A377 /* title3@2x.png in Resources */ = {isa = PBXBuildFile; fileRef = E1C031CF20070B1500B1A377 /* title3@2x.png */; };
		E1C031D420070B1600B1A377 /* title1@2x.png in Resources */ = {isa = PBXBuildFile; fileRef = E1C031D020070B1500B1A377 /* title1@2x.png */; };
		E1C031D520070B1600B1A377 /* title2@2x.png in Resources */ = {isa = PBXBuildFile; fileRef = E1C031D120070B1600B1A377 /* title2@2x.png */; };
		E1C031D620070B1600B1A377 /* title4@2x.png in Resources */ = {isa = PBXBuildFile; fileRef = E1C031D220070B1600B1A377 /* title4@2x.png */; };
		E1C031DB20070B2700B1A377 /* bg1@2x.png in Resources */ = {isa = PBXBuildFile; fileRef = E1C031D720070B2600B1A377 /* bg1@2x.png */; };
		E1C031DC20070B2700B1A377 /* bg3@2x.png in Resources */ = {isa = PBXBuildFile; fileRef = E1C031D820070B2600B1A377 /* bg3@2x.png */; };
		E1C031DD20070B2700B1A377 /* bg2@2x.png in Resources */ = {isa = PBXBuildFile; fileRef = E1C031D920070B2600B1A377 /* bg2@2x.png */; };
		E1C031DE20070B2700B1A377 /* bg4@2x.png in Resources */ = {isa = PBXBuildFile; fileRef = E1C031DA20070B2700B1A377 /* bg4@2x.png */; };
		E1C031E120070B3600B1A377 /* pageDot@2x.png in Resources */ = {isa = PBXBuildFile; fileRef = E1C031DF20070B3600B1A377 /* pageDot@2x.png */; };
		E1C031E220070B3600B1A377 /* pageDot.png in Resources */ = {isa = PBXBuildFile; fileRef = E1C031E020070B3600B1A377 /* pageDot.png */; };
		E1C031E820076DF400B1A377 /* SafeTabber.swift in Sources */ = {isa = PBXBuildFile; fileRef = E1C031E720076DF400B1A377 /* SafeTabber.swift */; };
		E1C031EA2007805500B1A377 /* Slider.swift in Sources */ = {isa = PBXBuildFile; fileRef = E1C031E92007805500B1A377 /* Slider.swift */; };
		E1C031EC2007807000B1A377 /* test_0.png in Resources */ = {isa = PBXBuildFile; fileRef = E1C031EB2007807000B1A377 /* test_0.png */; };
		E1C031EE2007807600B1A377 /* test_1.png in Resources */ = {isa = PBXBuildFile; fileRef = E1C031ED2007807600B1A377 /* test_1.png */; };
		E1C031F02007807C00B1A377 /* test_2.png in Resources */ = {isa = PBXBuildFile; fileRef = E1C031EF2007807B00B1A377 /* test_2.png */; };
		E1C031F22007808200B1A377 /* test_3.png in Resources */ = {isa = PBXBuildFile; fileRef = E1C031F12007808200B1A377 /* test_3.png */; };
		E1C031F42007808800B1A377 /* test_4.png in Resources */ = {isa = PBXBuildFile; fileRef = E1C031F32007808800B1A377 /* test_4.png */; };
		E1C031F62007808E00B1A377 /* test_5.png in Resources */ = {isa = PBXBuildFile; fileRef = E1C031F52007808D00B1A377 /* test_5.png */; };
		E1C031F82007809300B1A377 /* test_6.png in Resources */ = {isa = PBXBuildFile; fileRef = E1C031F72007809300B1A377 /* test_6.png */; };
		E1C031FA2007809800B1A377 /* test_7.png in Resources */ = {isa = PBXBuildFile; fileRef = E1C031F92007809800B1A377 /* test_7.png */; };
		E1C031FC2007809D00B1A377 /* test_8.png in Resources */ = {isa = PBXBuildFile; fileRef = E1C031FB2007809D00B1A377 /* test_8.png */; };
		E1C031FE200780A300B1A377 /* test_9.png in Resources */ = {isa = PBXBuildFile; fileRef = E1C031FD200780A300B1A377 /* test_9.png */; };
		E1C03200200780A900B1A377 /* test_10.png in Resources */ = {isa = PBXBuildFile; fileRef = E1C031FF200780A800B1A377 /* test_10.png */; };
		E1C03202200780AD00B1A377 /* test_11.png in Resources */ = {isa = PBXBuildFile; fileRef = E1C03201200780AD00B1A377 /* test_11.png */; };
		E1C03204200780B600B1A377 /* test_12.png in Resources */ = {isa = PBXBuildFile; fileRef = E1C03203200780B600B1A377 /* test_12.png */; };
		E1C03206200780BC00B1A377 /* test_13.png in Resources */ = {isa = PBXBuildFile; fileRef = E1C03205200780BC00B1A377 /* test_13.png */; };
		E1C03208200780C300B1A377 /* test_14.png in Resources */ = {isa = PBXBuildFile; fileRef = E1C03207200780C300B1A377 /* test_14.png */; };
		E1C0320A200780C900B1A377 /* test_15.png in Resources */ = {isa = PBXBuildFile; fileRef = E1C03209200780C900B1A377 /* test_15.png */; };
		E1C0320D2008923500B1A377 /* MainScrollView.swift in Sources */ = {isa = PBXBuildFile; fileRef = E1C0320C2008923500B1A377 /* MainScrollView.swift */; };
		E1C03217200C367400B1A377 /* PersonalCenter.swift in Sources */ = {isa = PBXBuildFile; fileRef = E1C03216200C367400B1A377 /* PersonalCenter.swift */; };
		E1C0321A200C395000B1A377 /* ArticleListCell.swift in Sources */ = {isa = PBXBuildFile; fileRef = E1C03218200C395000B1A377 /* ArticleListCell.swift */; };
		E1C0321B200C395000B1A377 /* ArticleListCell.xib in Resources */ = {isa = PBXBuildFile; fileRef = E1C03219200C395000B1A377 /* ArticleListCell.xib */; };
		E1C0321D200C3A5D00B1A377 /* RootTable.swift in Sources */ = {isa = PBXBuildFile; fileRef = E1C0321C200C3A5D00B1A377 /* RootTable.swift */; };
		E1C03221200C3B2B00B1A377 /* UIAppInfo.json in Resources */ = {isa = PBXBuildFile; fileRef = E1C0321F200C3B2B00B1A377 /* UIAppInfo.json */; };
		E1C03222200C3B2B00B1A377 /* UIPageList.json in Resources */ = {isa = PBXBuildFile; fileRef = E1C03220200C3B2B00B1A377 /* UIPageList.json */; };
		E1C03225200C3CFB00B1A377 /* AppModel.swift in Sources */ = {isa = PBXBuildFile; fileRef = E1C03224200C3CFB00B1A377 /* AppModel.swift */; };
		E1C03227200C3E1B00B1A377 /* BaseModel.swift in Sources */ = {isa = PBXBuildFile; fileRef = E1C03226200C3E1B00B1A377 /* BaseModel.swift */; };
		E1C03229200C40D700B1A377 /* RootData.swift in Sources */ = {isa = PBXBuildFile; fileRef = E1C03228200C40D700B1A377 /* RootData.swift */; };
		E1C0322C200C429B00B1A377 /* DownData.swift in Sources */ = {isa = PBXBuildFile; fileRef = E1C0322B200C429B00B1A377 /* DownData.swift */; };
		E1C0322E200C5AF500B1A377 /* PageInfo.swift in Sources */ = {isa = PBXBuildFile; fileRef = E1C0322D200C5AF500B1A377 /* PageInfo.swift */; };
		E1C03230200CA05C00B1A377 /* ConfigModel.swift in Sources */ = {isa = PBXBuildFile; fileRef = E1C0322F200CA05C00B1A377 /* ConfigModel.swift */; };
		E1C03232200CAF3600B1A377 /* ArticleList.swift in Sources */ = {isa = PBXBuildFile; fileRef = E1C03231200CAF3600B1A377 /* ArticleList.swift */; };
		E1C03235200CAFCA00B1A377 /* BRequestHandler.swift in Sources */ = {isa = PBXBuildFile; fileRef = E1C03234200CAFCA00B1A377 /* BRequestHandler.swift */; };
		E1C03237200DB45F00B1A377 /* goBackIcon@2x.png in Resources */ = {isa = PBXBuildFile; fileRef = E1C03236200DB45F00B1A377 /* goBackIcon@2x.png */; };
		E1C0323B200DD86600B1A377 /* DImgTabber.swift in Sources */ = {isa = PBXBuildFile; fileRef = E1C0323A200DD86600B1A377 /* DImgTabber.swift */; };
		E1C0323D200DF66700B1A377 /* TabberModel.swift in Sources */ = {isa = PBXBuildFile; fileRef = E1C0323C200DF66700B1A377 /* TabberModel.swift */; };
		E1C0323F200E13F400B1A377 /* AritcleModel.swift in Sources */ = {isa = PBXBuildFile; fileRef = E1C0323E200E13F400B1A377 /* AritcleModel.swift */; };
		E1C03241200E15CF00B1A377 /* UserInfoModel.swift in Sources */ = {isa = PBXBuildFile; fileRef = E1C03240200E15CF00B1A377 /* UserInfoModel.swift */; };
		E1E31B78200F3ADF00776701 /* regview_tab_r@2x.png in Resources */ = {isa = PBXBuildFile; fileRef = E1E31B6C200F3ADC00776701 /* regview_tab_r@2x.png */; };
		E1E31B79200F3ADF00776701 /* registerAndLogin_user_textField@2x.png in Resources */ = {isa = PBXBuildFile; fileRef = E1E31B6D200F3ADD00776701 /* registerAndLogin_user_textField@2x.png */; };
		E1E31B7A200F3ADF00776701 /* registerAndLogin_password_hide_textfield@2x.png in Resources */ = {isa = PBXBuildFile; fileRef = E1E31B6E200F3ADD00776701 /* registerAndLogin_password_hide_textfield@2x.png */; };
		E1E31B7B200F3ADF00776701 /* registerAndLogin_password_textField@2x.png in Resources */ = {isa = PBXBuildFile; fileRef = E1E31B6F200F3ADD00776701 /* registerAndLogin_password_textField@2x.png */; };
		E1E31B7C200F3ADF00776701 /* registerAndLogin_nickname_icon@2x.png in Resources */ = {isa = PBXBuildFile; fileRef = E1E31B70200F3ADE00776701 /* registerAndLogin_nickname_icon@2x.png */; };
		E1E31B7D200F3ADF00776701 /* registerAndLogin_qq_button@2x.png in Resources */ = {isa = PBXBuildFile; fileRef = E1E31B71200F3ADE00776701 /* registerAndLogin_qq_button@2x.png */; };
		E1E31B7E200F3ADF00776701 /* registerAndLogin_wechat_button@2x.png in Resources */ = {isa = PBXBuildFile; fileRef = E1E31B72200F3ADE00776701 /* registerAndLogin_wechat_button@2x.png */; };
		E1E31B7F200F3ADF00776701 /* registerAndLogin_confirm_logo@2x.png in Resources */ = {isa = PBXBuildFile; fileRef = E1E31B73200F3ADE00776701 /* registerAndLogin_confirm_logo@2x.png */; };
		E1E31B80200F3ADF00776701 /* registerAndLogin_password_show_textfield@2x.png in Resources */ = {isa = PBXBuildFile; fileRef = E1E31B74200F3ADE00776701 /* registerAndLogin_password_show_textfield@2x.png */; };
		E1E31B81200F3ADF00776701 /* registerAndLogin_weibo_button@2x.png in Resources */ = {isa = PBXBuildFile; fileRef = E1E31B75200F3ADE00776701 /* registerAndLogin_weibo_button@2x.png */; };
		E1E31B82200F3ADF00776701 /* registerAndLogin_nickname_triangleLogo@2x.png in Resources */ = {isa = PBXBuildFile; fileRef = E1E31B76200F3ADF00776701 /* registerAndLogin_nickname_triangleLogo@2x.png */; };
		E1E31B83200F3ADF00776701 /* registerAndLogin_code_textField@2x.png in Resources */ = {isa = PBXBuildFile; fileRef = E1E31B77200F3ADF00776701 /* registerAndLogin_code_textField@2x.png */; };
		E1E31B85200F3B0D00776701 /* lastLoginTip@2x.png in Resources */ = {isa = PBXBuildFile; fileRef = E1E31B84200F3B0D00776701 /* lastLoginTip@2x.png */; };
		E1E31B88200F439A00776701 /* HCOtherLoginModeView.xib in Resources */ = {isa = PBXBuildFile; fileRef = E1E31B86200F439A00776701 /* HCOtherLoginModeView.xib */; };
		E1E31B89200F439A00776701 /* HCOtherLoginModeView.swift in Sources */ = {isa = PBXBuildFile; fileRef = E1E31B87200F439A00776701 /* HCOtherLoginModeView.swift */; };
		E1E31B8B200F43B900776701 /* NibLoadable.swift in Sources */ = {isa = PBXBuildFile; fileRef = E1E31B8A200F43B900776701 /* NibLoadable.swift */; };
		E1E31B8D200F463A00776701 /* RegVC.swift in Sources */ = {isa = PBXBuildFile; fileRef = E1E31B8C200F463A00776701 /* RegVC.swift */; };
		E1E31B8F200F4EC700776701 /* InputValidator.swift in Sources */ = {isa = PBXBuildFile; fileRef = E1E31B8E200F4EC700776701 /* InputValidator.swift */; };
		E1E31B91200F522E00776701 /* HCAccountLoginViewModel.swift in Sources */ = {isa = PBXBuildFile; fileRef = E1E31B90200F522E00776701 /* HCAccountLoginViewModel.swift */; };
		E1E31B93200F524500776701 /* HCAccountLoginResult.swift in Sources */ = {isa = PBXBuildFile; fileRef = E1E31B92200F524400776701 /* HCAccountLoginResult.swift */; };
		E1E31B95200F529300776701 /* HCAccountLoginService.swift in Sources */ = {isa = PBXBuildFile; fileRef = E1E31B94200F529200776701 /* HCAccountLoginService.swift */; };
		E1EDAB5E200319A5004DD7B9 /* Util.swift in Sources */ = {isa = PBXBuildFile; fileRef = E1EDAB5D200319A5004DD7B9 /* Util.swift */; };
		E1EDAB7120033D26004DD7B9 /* LoadBlockView.m in Sources */ = {isa = PBXBuildFile; fileRef = E1EDAB6220033D24004DD7B9 /* LoadBlockView.m */; };
		E1EDAB7220033D26004DD7B9 /* NaviBarVC.m in Sources */ = {isa = PBXBuildFile; fileRef = E1EDAB6420033D24004DD7B9 /* NaviBarVC.m */; };
		E1EDAB7320033D26004DD7B9 /* VCAnimationClassic.m in Sources */ = {isa = PBXBuildFile; fileRef = E1EDAB6520033D24004DD7B9 /* VCAnimationClassic.m */; };
		E1EDAB7420033D26004DD7B9 /* BaseNameVC.m in Sources */ = {isa = PBXBuildFile; fileRef = E1EDAB6620033D24004DD7B9 /* BaseNameVC.m */; };
		E1EDAB7520033D26004DD7B9 /* VCController.m in Sources */ = {isa = PBXBuildFile; fileRef = E1EDAB6C20033D25004DD7B9 /* VCController.m */; };
		E1EDAB7620033D26004DD7B9 /* LoadEmptyView.m in Sources */ = {isa = PBXBuildFile; fileRef = E1EDAB6E20033D26004DD7B9 /* LoadEmptyView.m */; };
		E1EDAB7720033D26004DD7B9 /* VCAnimationBottom.m in Sources */ = {isa = PBXBuildFile; fileRef = E1EDAB6F20033D26004DD7B9 /* VCAnimationBottom.m */; };
		E1EDAB7B2005B001004DD7B9 /* RootVC.swift in Sources */ = {isa = PBXBuildFile; fileRef = E1EDAB7A2005B001004DD7B9 /* RootVC.swift */; };
		E1EDAB9B2005B236004DD7B9 /* ToolsAnimation.plist in Resources */ = {isa = PBXBuildFile; fileRef = E1EDAB9A2005B236004DD7B9 /* ToolsAnimation.plist */; };
		E1EDAC352005BA0D004DD7B9 /* MainVC.swift in Sources */ = {isa = PBXBuildFile; fileRef = E1EDAC342005BA0D004DD7B9 /* MainVC.swift */; };
		E1F5E26D200F0B4600FD18FD /* LoginView.swift in Sources */ = {isa = PBXBuildFile; fileRef = E1F5E26C200F0B4600FD18FD /* LoginView.swift */; };
		E1F5E26F200F0F3700FD18FD /* NaviDefult.swift in Sources */ = {isa = PBXBuildFile; fileRef = E1F5E26E200F0F3700FD18FD /* NaviDefult.swift */; };
		E1F5E271200F28D800FD18FD /* String+GetSize.swift in Sources */ = {isa = PBXBuildFile; fileRef = E1F5E270200F28D800FD18FD /* String+GetSize.swift */; };
		E1F5E273200F2D7500FD18FD /* LoginInit.swift in Sources */ = {isa = PBXBuildFile; fileRef = E1F5E272200F2D7500FD18FD /* LoginInit.swift */; };
		E1F5E275200F340500FD18FD /* AccountLoginVC.swift in Sources */ = {isa = PBXBuildFile; fileRef = E1F5E274200F340500FD18FD /* AccountLoginVC.swift */; };
		E1F5E277200F343200FD18FD /* ThridLoginVC.swift in Sources */ = {isa = PBXBuildFile; fileRef = E1F5E276200F343200FD18FD /* ThridLoginVC.swift */; };
		E1F5E279200F356000FD18FD /* AccountLoginable.swift in Sources */ = {isa = PBXBuildFile; fileRef = E1F5E278200F356000FD18FD /* AccountLoginable.swift */; };
		E594E0592003ABA200BDF511 /* ScrollColorHeader.m in Sources */ = {isa = PBXBuildFile; fileRef = E594E0512003ABA100BDF511 /* ScrollColorHeader.m */; };
		E594E05A2003ABA200BDF511 /* LightControl.m in Sources */ = {isa = PBXBuildFile; fileRef = E594E0532003ABA100BDF511 /* LightControl.m */; };
		E594E05B2003ABA200BDF511 /* NaviBar.m in Sources */ = {isa = PBXBuildFile; fileRef = E594E0552003ABA200BDF511 /* NaviBar.m */; };
		E594E05C2003ABA200BDF511 /* NaviBarItem.m in Sources */ = {isa = PBXBuildFile; fileRef = E594E0572003ABA200BDF511 /* NaviBarItem.m */; };
		E594E0732003ABB800BDF511 /* UIButton+Addition.m in Sources */ = {isa = PBXBuildFile; fileRef = E594E05D2003ABB100BDF511 /* UIButton+Addition.m */; };
		E594E0742003ABB800BDF511 /* NSString+DrawingAdapter.m in Sources */ = {isa = PBXBuildFile; fileRef = E594E05E2003ABB100BDF511 /* NSString+DrawingAdapter.m */; };
		E594E0752003ABB800BDF511 /* UIImageView+GIFDecode.m in Sources */ = {isa = PBXBuildFile; fileRef = E594E0602003ABB100BDF511 /* UIImageView+GIFDecode.m */; };
		E594E0762003ABB800BDF511 /* NSString+URL.m in Sources */ = {isa = PBXBuildFile; fileRef = E594E0612003ABB200BDF511 /* NSString+URL.m */; };
		E594E0772003ABB800BDF511 /* NSString+Utility.m in Sources */ = {isa = PBXBuildFile; fileRef = E594E0622003ABB200BDF511 /* NSString+Utility.m */; };
		E594E0782003ABB800BDF511 /* UIImage+Utility.m in Sources */ = {isa = PBXBuildFile; fileRef = E594E0632003ABB200BDF511 /* UIImage+Utility.m */; };
		E594E0792003ABB800BDF511 /* NSMutableDictionary+Utility.m in Sources */ = {isa = PBXBuildFile; fileRef = E594E0652003ABB300BDF511 /* NSMutableDictionary+Utility.m */; };
		E594E07A2003ABB800BDF511 /* UIView+Frame.m in Sources */ = {isa = PBXBuildFile; fileRef = E594E0662003ABB300BDF511 /* UIView+Frame.m */; };
		E594E07B2003ABB800BDF511 /* NSDate+gyh.m in Sources */ = {isa = PBXBuildFile; fileRef = E594E06A2003ABB400BDF511 /* NSDate+gyh.m */; };
		E594E07C2003ABB800BDF511 /* NSBundle+Module.m in Sources */ = {isa = PBXBuildFile; fileRef = E594E06D2003ABB400BDF511 /* NSBundle+Module.m */; };
		E594E07D2003ABB800BDF511 /* UIColor+Utility.m in Sources */ = {isa = PBXBuildFile; fileRef = E594E0712003ABB700BDF511 /* UIColor+Utility.m */; };
		E594E0802003AEE200BDF511 /* AppInfo.m in Sources */ = {isa = PBXBuildFile; fileRef = E594E07F2003AEE200BDF511 /* AppInfo.m */; };
		F5BE3CBAD0F39EF485E36BCE /* Pods_UIDS.framework in Frameworks */ = {isa = PBXBuildFile; fileRef = 5E0B3BDADA183A4F7C7B18FB /* Pods_UIDS.framework */; };
/* End PBXBuildFile section */

/* Begin PBXFileReference section */
		40A5AF17359BE7B50D6E8B26 /* Pods-UIDS.debug.xcconfig */ = {isa = PBXFileReference; includeInIndex = 1; lastKnownFileType = text.xcconfig; name = "Pods-UIDS.debug.xcconfig"; path = "Pods/Target Support Files/Pods-UIDS/Pods-UIDS.debug.xcconfig"; sourceTree = "<group>"; };
		5E0B3BDADA183A4F7C7B18FB /* Pods_UIDS.framework */ = {isa = PBXFileReference; explicitFileType = wrapper.framework; includeInIndex = 0; path = Pods_UIDS.framework; sourceTree = BUILT_PRODUCTS_DIR; };
		C2F2C6A95BE461D02F16B861 /* Pods-UIDS.release.xcconfig */ = {isa = PBXFileReference; includeInIndex = 1; lastKnownFileType = text.xcconfig; name = "Pods-UIDS.release.xcconfig"; path = "Pods/Target Support Files/Pods-UIDS/Pods-UIDS.release.xcconfig"; sourceTree = "<group>"; };
		E1A21DDC1FFF319300596BB7 /* UIDS.app */ = {isa = PBXFileReference; explicitFileType = wrapper.application; includeInIndex = 0; path = UIDS.app; sourceTree = BUILT_PRODUCTS_DIR; };
		E1A21DDF1FFF319300596BB7 /* AppDelegate.swift */ = {isa = PBXFileReference; lastKnownFileType = sourcecode.swift; path = AppDelegate.swift; sourceTree = "<group>"; };
		E1A21DE11FFF319300596BB7 /* ViewController.swift */ = {isa = PBXFileReference; lastKnownFileType = sourcecode.swift; path = ViewController.swift; sourceTree = "<group>"; };
		E1A21DE41FFF319300596BB7 /* Base */ = {isa = PBXFileReference; lastKnownFileType = file.storyboard; name = Base; path = Base.lproj/Main.storyboard; sourceTree = "<group>"; };
		E1A21DE61FFF319300596BB7 /* Assets.xcassets */ = {isa = PBXFileReference; lastKnownFileType = folder.assetcatalog; path = Assets.xcassets; sourceTree = "<group>"; };
		E1A21DE91FFF319300596BB7 /* Base */ = {isa = PBXFileReference; lastKnownFileType = file.storyboard; name = Base; path = Base.lproj/LaunchScreen.storyboard; sourceTree = "<group>"; };
		E1A21DEB1FFF319300596BB7 /* Info.plist */ = {isa = PBXFileReference; lastKnownFileType = text.plist.xml; path = Info.plist; sourceTree = "<group>"; };
		E1C031992005C08100B1A377 /* ExampleBasicContentView.swift */ = {isa = PBXFileReference; lastKnownFileType = sourcecode.swift; path = ExampleBasicContentView.swift; sourceTree = "<group>"; };
		E1C0319D2005C09D00B1A377 /* ExampleBouncesContentView.swift */ = {isa = PBXFileReference; fileEncoding = 4; lastKnownFileType = sourcecode.swift; path = ExampleBouncesContentView.swift; sourceTree = "<group>"; };
		E1C0319F2005CBF400B1A377 /* NextVC.swift */ = {isa = PBXFileReference; lastKnownFileType = sourcecode.swift; path = NextVC.swift; sourceTree = "<group>"; };
		E1C031A22005CF5100B1A377 /* ExampleIrregularityBasicContentView.swift */ = {isa = PBXFileReference; lastKnownFileType = sourcecode.swift; path = ExampleIrregularityBasicContentView.swift; sourceTree = "<group>"; };
		E1C031A520061DF500B1A377 /* SwipImgAreaCell.swift */ = {isa = PBXFileReference; lastKnownFileType = sourcecode.swift; path = SwipImgAreaCell.swift; sourceTree = "<group>"; };
		E1C031A720061E2800B1A377 /* SwipImgAreaView.swift */ = {isa = PBXFileReference; lastKnownFileType = sourcecode.swift; path = SwipImgAreaView.swift; sourceTree = "<group>"; };
		E1C031A920061E6B00B1A377 /* SwipImgAreaPageControl.swift */ = {isa = PBXFileReference; lastKnownFileType = sourcecode.swift; path = SwipImgAreaPageControl.swift; sourceTree = "<group>"; };
		E1C031AB20061E8500B1A377 /* SwipImgAreaPillPageControl.swift */ = {isa = PBXFileReference; lastKnownFileType = sourcecode.swift; path = SwipImgAreaPillPageControl.swift; sourceTree = "<group>"; };
		E1C031AD20061EA000B1A377 /* SwipImgAreaSnakePageControl.swift */ = {isa = PBXFileReference; lastKnownFileType = sourcecode.swift; path = SwipImgAreaSnakePageControl.swift; sourceTree = "<group>"; };
		E1C031B12006217C00B1A377 /* UIViewEXT.swift */ = {isa = PBXFileReference; lastKnownFileType = sourcecode.swift; path = UIViewEXT.swift; sourceTree = "<group>"; };
		E1C031B32006223C00B1A377 /* SwipImgAreaImagePageControl.swift */ = {isa = PBXFileReference; lastKnownFileType = sourcecode.swift; path = SwipImgAreaImagePageControl.swift; sourceTree = "<group>"; };
		E1C031B62006236400B1A377 /* lldotInActive.png */ = {isa = PBXFileReference; lastKnownFileType = image.png; path = lldotInActive.png; sourceTree = "<group>"; };
		E1C031B72006236400B1A377 /* lldotActive.png */ = {isa = PBXFileReference; lastKnownFileType = image.png; path = lldotActive.png; sourceTree = "<group>"; };
		E1C031B82006236400B1A377 /* llplaceholder.png */ = {isa = PBXFileReference; lastKnownFileType = image.png; path = llplaceholder.png; sourceTree = "<group>"; };
		E1C031BC200623A300B1A377 /* RootGender.swift */ = {isa = PBXFileReference; lastKnownFileType = sourcecode.swift; path = RootGender.swift; sourceTree = "<group>"; };
		E1C031BF20062CBC00B1A377 /* OneImg.swift */ = {isa = PBXFileReference; lastKnownFileType = sourcecode.swift; path = OneImg.swift; sourceTree = "<group>"; };
		E1C031C6200704DD00B1A377 /* EAIntroPage.h */ = {isa = PBXFileReference; fileEncoding = 4; lastKnownFileType = sourcecode.c.h; path = EAIntroPage.h; sourceTree = "<group>"; };
		E1C031C7200704DE00B1A377 /* EAIntroView.m */ = {isa = PBXFileReference; fileEncoding = 4; lastKnownFileType = sourcecode.c.objc; path = EAIntroView.m; sourceTree = "<group>"; };
		E1C031C8200704DE00B1A377 /* EAIntroPage.m */ = {isa = PBXFileReference; fileEncoding = 4; lastKnownFileType = sourcecode.c.objc; path = EAIntroPage.m; sourceTree = "<group>"; };
		E1C031C9200704DF00B1A377 /* EAIntroView.h */ = {isa = PBXFileReference; fileEncoding = 4; lastKnownFileType = sourcecode.c.h; path = EAIntroView.h; sourceTree = "<group>"; };
		E1C031CC200707A800B1A377 /* EARestrictedScrollView.h */ = {isa = PBXFileReference; fileEncoding = 4; lastKnownFileType = sourcecode.c.h; path = EARestrictedScrollView.h; sourceTree = "<group>"; };
		E1C031CD200707A800B1A377 /* EARestrictedScrollView.m */ = {isa = PBXFileReference; fileEncoding = 4; lastKnownFileType = sourcecode.c.objc; path = EARestrictedScrollView.m; sourceTree = "<group>"; };
		E1C031CF20070B1500B1A377 /* title3@2x.png */ = {isa = PBXFileReference; lastKnownFileType = image.png; path = "title3@2x.png"; sourceTree = "<group>"; };
		E1C031D020070B1500B1A377 /* title1@2x.png */ = {isa = PBXFileReference; lastKnownFileType = image.png; path = "title1@2x.png"; sourceTree = "<group>"; };
		E1C031D120070B1600B1A377 /* title2@2x.png */ = {isa = PBXFileReference; lastKnownFileType = image.png; path = "title2@2x.png"; sourceTree = "<group>"; };
		E1C031D220070B1600B1A377 /* title4@2x.png */ = {isa = PBXFileReference; lastKnownFileType = image.png; path = "title4@2x.png"; sourceTree = "<group>"; };
		E1C031D720070B2600B1A377 /* bg1@2x.png */ = {isa = PBXFileReference; lastKnownFileType = image.png; path = "bg1@2x.png"; sourceTree = "<group>"; };
		E1C031D820070B2600B1A377 /* bg3@2x.png */ = {isa = PBXFileReference; lastKnownFileType = image.png; path = "bg3@2x.png"; sourceTree = "<group>"; };
		E1C031D920070B2600B1A377 /* bg2@2x.png */ = {isa = PBXFileReference; lastKnownFileType = image.png; path = "bg2@2x.png"; sourceTree = "<group>"; };
		E1C031DA20070B2700B1A377 /* bg4@2x.png */ = {isa = PBXFileReference; lastKnownFileType = image.png; path = "bg4@2x.png"; sourceTree = "<group>"; };
		E1C031DF20070B3600B1A377 /* pageDot@2x.png */ = {isa = PBXFileReference; lastKnownFileType = image.png; path = "pageDot@2x.png"; sourceTree = "<group>"; };
		E1C031E020070B3600B1A377 /* pageDot.png */ = {isa = PBXFileReference; lastKnownFileType = image.png; path = pageDot.png; sourceTree = "<group>"; };
		E1C031E720076DF400B1A377 /* SafeTabber.swift */ = {isa = PBXFileReference; lastKnownFileType = sourcecode.swift; path = SafeTabber.swift; sourceTree = "<group>"; };
		E1C031E92007805500B1A377 /* Slider.swift */ = {isa = PBXFileReference; lastKnownFileType = sourcecode.swift; path = Slider.swift; sourceTree = "<group>"; };
		E1C031EB2007807000B1A377 /* test_0.png */ = {isa = PBXFileReference; lastKnownFileType = image.png; path = test_0.png; sourceTree = "<group>"; };
		E1C031ED2007807600B1A377 /* test_1.png */ = {isa = PBXFileReference; lastKnownFileType = image.png; path = test_1.png; sourceTree = "<group>"; };
		E1C031EF2007807B00B1A377 /* test_2.png */ = {isa = PBXFileReference; lastKnownFileType = image.png; path = test_2.png; sourceTree = "<group>"; };
		E1C031F12007808200B1A377 /* test_3.png */ = {isa = PBXFileReference; lastKnownFileType = image.png; path = test_3.png; sourceTree = "<group>"; };
		E1C031F32007808800B1A377 /* test_4.png */ = {isa = PBXFileReference; lastKnownFileType = image.png; path = test_4.png; sourceTree = "<group>"; };
		E1C031F52007808D00B1A377 /* test_5.png */ = {isa = PBXFileReference; lastKnownFileType = image.png; path = test_5.png; sourceTree = "<group>"; };
		E1C031F72007809300B1A377 /* test_6.png */ = {isa = PBXFileReference; lastKnownFileType = image.png; path = test_6.png; sourceTree = "<group>"; };
		E1C031F92007809800B1A377 /* test_7.png */ = {isa = PBXFileReference; lastKnownFileType = image.png; path = test_7.png; sourceTree = "<group>"; };
		E1C031FB2007809D00B1A377 /* test_8.png */ = {isa = PBXFileReference; lastKnownFileType = image.png; path = test_8.png; sourceTree = "<group>"; };
		E1C031FD200780A300B1A377 /* test_9.png */ = {isa = PBXFileReference; lastKnownFileType = image.png; path = test_9.png; sourceTree = "<group>"; };
		E1C031FF200780A800B1A377 /* test_10.png */ = {isa = PBXFileReference; lastKnownFileType = image.png; path = test_10.png; sourceTree = "<group>"; };
		E1C03201200780AD00B1A377 /* test_11.png */ = {isa = PBXFileReference; lastKnownFileType = image.png; path = test_11.png; sourceTree = "<group>"; };
		E1C03203200780B600B1A377 /* test_12.png */ = {isa = PBXFileReference; lastKnownFileType = image.png; path = test_12.png; sourceTree = "<group>"; };
		E1C03205200780BC00B1A377 /* test_13.png */ = {isa = PBXFileReference; lastKnownFileType = image.png; path = test_13.png; sourceTree = "<group>"; };
		E1C03207200780C300B1A377 /* test_14.png */ = {isa = PBXFileReference; lastKnownFileType = image.png; path = test_14.png; sourceTree = "<group>"; };
		E1C03209200780C900B1A377 /* test_15.png */ = {isa = PBXFileReference; lastKnownFileType = image.png; path = test_15.png; sourceTree = "<group>"; };
		E1C0320C2008923500B1A377 /* MainScrollView.swift */ = {isa = PBXFileReference; lastKnownFileType = sourcecode.swift; path = MainScrollView.swift; sourceTree = "<group>"; };
		E1C03216200C367400B1A377 /* PersonalCenter.swift */ = {isa = PBXFileReference; lastKnownFileType = sourcecode.swift; path = PersonalCenter.swift; sourceTree = "<group>"; };
		E1C03218200C395000B1A377 /* ArticleListCell.swift */ = {isa = PBXFileReference; lastKnownFileType = sourcecode.swift; path = ArticleListCell.swift; sourceTree = "<group>"; };
		E1C03219200C395000B1A377 /* ArticleListCell.xib */ = {isa = PBXFileReference; lastKnownFileType = file.xib; path = ArticleListCell.xib; sourceTree = "<group>"; };
		E1C0321C200C3A5D00B1A377 /* RootTable.swift */ = {isa = PBXFileReference; lastKnownFileType = sourcecode.swift; path = RootTable.swift; sourceTree = "<group>"; };
		E1C0321F200C3B2B00B1A377 /* UIAppInfo.json */ = {isa = PBXFileReference; fileEncoding = 4; lastKnownFileType = text.json; path = UIAppInfo.json; sourceTree = "<group>"; };
		E1C03220200C3B2B00B1A377 /* UIPageList.json */ = {isa = PBXFileReference; fileEncoding = 4; lastKnownFileType = text.json; path = UIPageList.json; sourceTree = "<group>"; };
		E1C03224200C3CFB00B1A377 /* AppModel.swift */ = {isa = PBXFileReference; lastKnownFileType = sourcecode.swift; path = AppModel.swift; sourceTree = "<group>"; };
		E1C03226200C3E1B00B1A377 /* BaseModel.swift */ = {isa = PBXFileReference; lastKnownFileType = sourcecode.swift; path = BaseModel.swift; sourceTree = "<group>"; };
		E1C03228200C40D700B1A377 /* RootData.swift */ = {isa = PBXFileReference; lastKnownFileType = sourcecode.swift; path = RootData.swift; sourceTree = "<group>"; };
		E1C0322B200C429B00B1A377 /* DownData.swift */ = {isa = PBXFileReference; lastKnownFileType = sourcecode.swift; path = DownData.swift; sourceTree = "<group>"; };
		E1C0322D200C5AF500B1A377 /* PageInfo.swift */ = {isa = PBXFileReference; lastKnownFileType = sourcecode.swift; path = PageInfo.swift; sourceTree = "<group>"; };
		E1C0322F200CA05C00B1A377 /* ConfigModel.swift */ = {isa = PBXFileReference; lastKnownFileType = sourcecode.swift; path = ConfigModel.swift; sourceTree = "<group>"; };
		E1C03231200CAF3600B1A377 /* ArticleList.swift */ = {isa = PBXFileReference; lastKnownFileType = sourcecode.swift; path = ArticleList.swift; sourceTree = "<group>"; };
		E1C03234200CAFCA00B1A377 /* BRequestHandler.swift */ = {isa = PBXFileReference; lastKnownFileType = sourcecode.swift; path = BRequestHandler.swift; sourceTree = "<group>"; };
		E1C03236200DB45F00B1A377 /* goBackIcon@2x.png */ = {isa = PBXFileReference; lastKnownFileType = image.png; path = "goBackIcon@2x.png"; sourceTree = "<group>"; };
		E1C0323A200DD86600B1A377 /* DImgTabber.swift */ = {isa = PBXFileReference; lastKnownFileType = sourcecode.swift; path = DImgTabber.swift; sourceTree = "<group>"; };
		E1C0323C200DF66700B1A377 /* TabberModel.swift */ = {isa = PBXFileReference; lastKnownFileType = sourcecode.swift; path = TabberModel.swift; sourceTree = "<group>"; };
		E1C0323E200E13F400B1A377 /* AritcleModel.swift */ = {isa = PBXFileReference; lastKnownFileType = sourcecode.swift; path = AritcleModel.swift; sourceTree = "<group>"; };
		E1C03240200E15CF00B1A377 /* UserInfoModel.swift */ = {isa = PBXFileReference; lastKnownFileType = sourcecode.swift; path = UserInfoModel.swift; sourceTree = "<group>"; };
		E1E31B6C200F3ADC00776701 /* regview_tab_r@2x.png */ = {isa = PBXFileReference; lastKnownFileType = image.png; path = "regview_tab_r@2x.png"; sourceTree = "<group>"; };
		E1E31B6D200F3ADD00776701 /* registerAndLogin_user_textField@2x.png */ = {isa = PBXFileReference; lastKnownFileType = image.png; path = "registerAndLogin_user_textField@2x.png"; sourceTree = "<group>"; };
		E1E31B6E200F3ADD00776701 /* registerAndLogin_password_hide_textfield@2x.png */ = {isa = PBXFileReference; lastKnownFileType = image.png; path = "registerAndLogin_password_hide_textfield@2x.png"; sourceTree = "<group>"; };
		E1E31B6F200F3ADD00776701 /* registerAndLogin_password_textField@2x.png */ = {isa = PBXFileReference; lastKnownFileType = image.png; path = "registerAndLogin_password_textField@2x.png"; sourceTree = "<group>"; };
		E1E31B70200F3ADE00776701 /* registerAndLogin_nickname_icon@2x.png */ = {isa = PBXFileReference; lastKnownFileType = image.png; path = "registerAndLogin_nickname_icon@2x.png"; sourceTree = "<group>"; };
		E1E31B71200F3ADE00776701 /* registerAndLogin_qq_button@2x.png */ = {isa = PBXFileReference; lastKnownFileType = image.png; path = "registerAndLogin_qq_button@2x.png"; sourceTree = "<group>"; };
		E1E31B72200F3ADE00776701 /* registerAndLogin_wechat_button@2x.png */ = {isa = PBXFileReference; lastKnownFileType = image.png; path = "registerAndLogin_wechat_button@2x.png"; sourceTree = "<group>"; };
		E1E31B73200F3ADE00776701 /* registerAndLogin_confirm_logo@2x.png */ = {isa = PBXFileReference; lastKnownFileType = image.png; path = "registerAndLogin_confirm_logo@2x.png"; sourceTree = "<group>"; };
		E1E31B74200F3ADE00776701 /* registerAndLogin_password_show_textfield@2x.png */ = {isa = PBXFileReference; lastKnownFileType = image.png; path = "registerAndLogin_password_show_textfield@2x.png"; sourceTree = "<group>"; };
		E1E31B75200F3ADE00776701 /* registerAndLogin_weibo_button@2x.png */ = {isa = PBXFileReference; lastKnownFileType = image.png; path = "registerAndLogin_weibo_button@2x.png"; sourceTree = "<group>"; };
		E1E31B76200F3ADF00776701 /* registerAndLogin_nickname_triangleLogo@2x.png */ = {isa = PBXFileReference; lastKnownFileType = image.png; path = "registerAndLogin_nickname_triangleLogo@2x.png"; sourceTree = "<group>"; };
		E1E31B77200F3ADF00776701 /* registerAndLogin_code_textField@2x.png */ = {isa = PBXFileReference; lastKnownFileType = image.png; path = "registerAndLogin_code_textField@2x.png"; sourceTree = "<group>"; };
		E1E31B84200F3B0D00776701 /* lastLoginTip@2x.png */ = {isa = PBXFileReference; lastKnownFileType = image.png; path = "lastLoginTip@2x.png"; sourceTree = "<group>"; };
		E1E31B86200F439A00776701 /* HCOtherLoginModeView.xib */ = {isa = PBXFileReference; fileEncoding = 4; lastKnownFileType = file.xib; path = HCOtherLoginModeView.xib; sourceTree = "<group>"; };
		E1E31B87200F439A00776701 /* HCOtherLoginModeView.swift */ = {isa = PBXFileReference; fileEncoding = 4; lastKnownFileType = sourcecode.swift; path = HCOtherLoginModeView.swift; sourceTree = "<group>"; };
		E1E31B8A200F43B900776701 /* NibLoadable.swift */ = {isa = PBXFileReference; lastKnownFileType = sourcecode.swift; path = NibLoadable.swift; sourceTree = "<group>"; };
		E1E31B8C200F463A00776701 /* RegVC.swift */ = {isa = PBXFileReference; lastKnownFileType = sourcecode.swift; path = RegVC.swift; sourceTree = "<group>"; };
		E1E31B8E200F4EC700776701 /* InputValidator.swift */ = {isa = PBXFileReference; lastKnownFileType = sourcecode.swift; path = InputValidator.swift; sourceTree = "<group>"; };
		E1E31B90200F522E00776701 /* HCAccountLoginViewModel.swift */ = {isa = PBXFileReference; fileEncoding = 4; lastKnownFileType = sourcecode.swift; path = HCAccountLoginViewModel.swift; sourceTree = "<group>"; };
		E1E31B92200F524400776701 /* HCAccountLoginResult.swift */ = {isa = PBXFileReference; fileEncoding = 4; lastKnownFileType = sourcecode.swift; path = HCAccountLoginResult.swift; sourceTree = "<group>"; };
		E1E31B94200F529200776701 /* HCAccountLoginService.swift */ = {isa = PBXFileReference; fileEncoding = 4; lastKnownFileType = sourcecode.swift; path = HCAccountLoginService.swift; sourceTree = "<group>"; };
		E1EDAB5A2003150D004DD7B9 /* Bridging-Header.h */ = {isa = PBXFileReference; fileEncoding = 4; lastKnownFileType = sourcecode.c.h; path = "Bridging-Header.h"; sourceTree = "<group>"; };
		E1EDAB5D200319A5004DD7B9 /* Util.swift */ = {isa = PBXFileReference; lastKnownFileType = sourcecode.swift; path = Util.swift; sourceTree = "<group>"; };
		E1EDAB5F20033D23004DD7B9 /* LoadBlockPtc.h */ = {isa = PBXFileReference; fileEncoding = 4; lastKnownFileType = sourcecode.c.h; path = LoadBlockPtc.h; sourceTree = "<group>"; };
		E1EDAB6020033D23004DD7B9 /* LoadBlockView.h */ = {isa = PBXFileReference; fileEncoding = 4; lastKnownFileType = sourcecode.c.h; path = LoadBlockView.h; sourceTree = "<group>"; };
		E1EDAB6120033D23004DD7B9 /* LoadEmptyPtc.h */ = {isa = PBXFileReference; fileEncoding = 4; lastKnownFileType = sourcecode.c.h; path = LoadEmptyPtc.h; sourceTree = "<group>"; };
		E1EDAB6220033D24004DD7B9 /* LoadBlockView.m */ = {isa = PBXFileReference; fileEncoding = 4; lastKnownFileType = sourcecode.c.objc; path = LoadBlockView.m; sourceTree = "<group>"; };
		E1EDAB6320033D24004DD7B9 /* LoadEmptyView.h */ = {isa = PBXFileReference; fileEncoding = 4; lastKnownFileType = sourcecode.c.h; path = LoadEmptyView.h; sourceTree = "<group>"; };
		E1EDAB6420033D24004DD7B9 /* NaviBarVC.m */ = {isa = PBXFileReference; fileEncoding = 4; lastKnownFileType = sourcecode.c.objc; path = NaviBarVC.m; sourceTree = "<group>"; };
		E1EDAB6520033D24004DD7B9 /* VCAnimationClassic.m */ = {isa = PBXFileReference; fileEncoding = 4; lastKnownFileType = sourcecode.c.objc; path = VCAnimationClassic.m; sourceTree = "<group>"; };
		E1EDAB6620033D24004DD7B9 /* BaseNameVC.m */ = {isa = PBXFileReference; fileEncoding = 4; lastKnownFileType = sourcecode.c.objc; path = BaseNameVC.m; sourceTree = "<group>"; };
		E1EDAB6720033D24004DD7B9 /* VCControllerPtc.h */ = {isa = PBXFileReference; fileEncoding = 4; lastKnownFileType = sourcecode.c.h; path = VCControllerPtc.h; sourceTree = "<group>"; };
		E1EDAB6820033D25004DD7B9 /* VCAnimationClassic.h */ = {isa = PBXFileReference; fileEncoding = 4; lastKnownFileType = sourcecode.c.h; path = VCAnimationClassic.h; sourceTree = "<group>"; };
		E1EDAB6920033D25004DD7B9 /* BaseNameVC.h */ = {isa = PBXFileReference; fileEncoding = 4; lastKnownFileType = sourcecode.c.h; path = BaseNameVC.h; sourceTree = "<group>"; };
		E1EDAB6A20033D25004DD7B9 /* NaviBarVC.h */ = {isa = PBXFileReference; fileEncoding = 4; lastKnownFileType = sourcecode.c.h; path = NaviBarVC.h; sourceTree = "<group>"; };
		E1EDAB6B20033D25004DD7B9 /* VCAnimationBottom.h */ = {isa = PBXFileReference; fileEncoding = 4; lastKnownFileType = sourcecode.c.h; path = VCAnimationBottom.h; sourceTree = "<group>"; };
		E1EDAB6C20033D25004DD7B9 /* VCController.m */ = {isa = PBXFileReference; fileEncoding = 4; lastKnownFileType = sourcecode.c.objc; path = VCController.m; sourceTree = "<group>"; };
		E1EDAB6D20033D25004DD7B9 /* VCAnimation.h */ = {isa = PBXFileReference; fileEncoding = 4; lastKnownFileType = sourcecode.c.h; path = VCAnimation.h; sourceTree = "<group>"; };
		E1EDAB6E20033D26004DD7B9 /* LoadEmptyView.m */ = {isa = PBXFileReference; fileEncoding = 4; lastKnownFileType = sourcecode.c.objc; path = LoadEmptyView.m; sourceTree = "<group>"; };
		E1EDAB6F20033D26004DD7B9 /* VCAnimationBottom.m */ = {isa = PBXFileReference; fileEncoding = 4; lastKnownFileType = sourcecode.c.objc; path = VCAnimationBottom.m; sourceTree = "<group>"; };
		E1EDAB7020033D26004DD7B9 /* VCController.h */ = {isa = PBXFileReference; fileEncoding = 4; lastKnownFileType = sourcecode.c.h; path = VCController.h; sourceTree = "<group>"; };
		E1EDAB7A2005B001004DD7B9 /* RootVC.swift */ = {isa = PBXFileReference; lastKnownFileType = sourcecode.swift; path = RootVC.swift; sourceTree = "<group>"; };
		E1EDAB9A2005B236004DD7B9 /* ToolsAnimation.plist */ = {isa = PBXFileReference; fileEncoding = 4; lastKnownFileType = text.plist.xml; path = ToolsAnimation.plist; sourceTree = "<group>"; };
		E1EDAC342005BA0D004DD7B9 /* MainVC.swift */ = {isa = PBXFileReference; lastKnownFileType = sourcecode.swift; path = MainVC.swift; sourceTree = "<group>"; };
		E1F5E26C200F0B4600FD18FD /* LoginView.swift */ = {isa = PBXFileReference; lastKnownFileType = sourcecode.swift; path = LoginView.swift; sourceTree = "<group>"; };
		E1F5E26E200F0F3700FD18FD /* NaviDefult.swift */ = {isa = PBXFileReference; lastKnownFileType = sourcecode.swift; path = NaviDefult.swift; sourceTree = "<group>"; };
		E1F5E270200F28D800FD18FD /* String+GetSize.swift */ = {isa = PBXFileReference; lastKnownFileType = sourcecode.swift; path = "String+GetSize.swift"; sourceTree = "<group>"; };
		E1F5E272200F2D7500FD18FD /* LoginInit.swift */ = {isa = PBXFileReference; lastKnownFileType = sourcecode.swift; path = LoginInit.swift; sourceTree = "<group>"; };
		E1F5E274200F340500FD18FD /* AccountLoginVC.swift */ = {isa = PBXFileReference; lastKnownFileType = sourcecode.swift; path = AccountLoginVC.swift; sourceTree = "<group>"; };
		E1F5E276200F343200FD18FD /* ThridLoginVC.swift */ = {isa = PBXFileReference; lastKnownFileType = sourcecode.swift; path = ThridLoginVC.swift; sourceTree = "<group>"; };
		E1F5E278200F356000FD18FD /* AccountLoginable.swift */ = {isa = PBXFileReference; lastKnownFileType = sourcecode.swift; path = AccountLoginable.swift; sourceTree = "<group>"; };
		E594E0502003ABA100BDF511 /* ScrollColorHeader.h */ = {isa = PBXFileReference; fileEncoding = 4; lastKnownFileType = sourcecode.c.h; path = ScrollColorHeader.h; sourceTree = "<group>"; };
		E594E0512003ABA100BDF511 /* ScrollColorHeader.m */ = {isa = PBXFileReference; fileEncoding = 4; lastKnownFileType = sourcecode.c.objc; path = ScrollColorHeader.m; sourceTree = "<group>"; };
		E594E0522003ABA100BDF511 /* LightControl.h */ = {isa = PBXFileReference; fileEncoding = 4; lastKnownFileType = sourcecode.c.h; path = LightControl.h; sourceTree = "<group>"; };
		E594E0532003ABA100BDF511 /* LightControl.m */ = {isa = PBXFileReference; fileEncoding = 4; lastKnownFileType = sourcecode.c.objc; path = LightControl.m; sourceTree = "<group>"; };
		E594E0552003ABA200BDF511 /* NaviBar.m */ = {isa = PBXFileReference; fileEncoding = 4; lastKnownFileType = sourcecode.c.objc; path = NaviBar.m; sourceTree = "<group>"; };
		E594E0562003ABA200BDF511 /* NaviBarItem.h */ = {isa = PBXFileReference; fileEncoding = 4; lastKnownFileType = sourcecode.c.h; path = NaviBarItem.h; sourceTree = "<group>"; };
		E594E0572003ABA200BDF511 /* NaviBarItem.m */ = {isa = PBXFileReference; fileEncoding = 4; lastKnownFileType = sourcecode.c.objc; path = NaviBarItem.m; sourceTree = "<group>"; };
		E594E0582003ABA200BDF511 /* NaviBar.h */ = {isa = PBXFileReference; fileEncoding = 4; lastKnownFileType = sourcecode.c.h; path = NaviBar.h; sourceTree = "<group>"; };
		E594E05D2003ABB100BDF511 /* UIButton+Addition.m */ = {isa = PBXFileReference; fileEncoding = 4; lastKnownFileType = sourcecode.c.objc; path = "UIButton+Addition.m"; sourceTree = "<group>"; };
		E594E05E2003ABB100BDF511 /* NSString+DrawingAdapter.m */ = {isa = PBXFileReference; fileEncoding = 4; lastKnownFileType = sourcecode.c.objc; path = "NSString+DrawingAdapter.m"; sourceTree = "<group>"; };
		E594E05F2003ABB100BDF511 /* UIImageView+GIFDecode.h */ = {isa = PBXFileReference; fileEncoding = 4; lastKnownFileType = sourcecode.c.h; path = "UIImageView+GIFDecode.h"; sourceTree = "<group>"; };
		E594E0602003ABB100BDF511 /* UIImageView+GIFDecode.m */ = {isa = PBXFileReference; fileEncoding = 4; lastKnownFileType = sourcecode.c.objc; path = "UIImageView+GIFDecode.m"; sourceTree = "<group>"; };
		E594E0612003ABB200BDF511 /* NSString+URL.m */ = {isa = PBXFileReference; fileEncoding = 4; lastKnownFileType = sourcecode.c.objc; path = "NSString+URL.m"; sourceTree = "<group>"; };
		E594E0622003ABB200BDF511 /* NSString+Utility.m */ = {isa = PBXFileReference; fileEncoding = 4; lastKnownFileType = sourcecode.c.objc; path = "NSString+Utility.m"; sourceTree = "<group>"; };
		E594E0632003ABB200BDF511 /* UIImage+Utility.m */ = {isa = PBXFileReference; fileEncoding = 4; lastKnownFileType = sourcecode.c.objc; path = "UIImage+Utility.m"; sourceTree = "<group>"; };
		E594E0642003ABB200BDF511 /* UIView+Frame.h */ = {isa = PBXFileReference; fileEncoding = 4; lastKnownFileType = sourcecode.c.h; path = "UIView+Frame.h"; sourceTree = "<group>"; };
		E594E0652003ABB300BDF511 /* NSMutableDictionary+Utility.m */ = {isa = PBXFileReference; fileEncoding = 4; lastKnownFileType = sourcecode.c.objc; path = "NSMutableDictionary+Utility.m"; sourceTree = "<group>"; };
		E594E0662003ABB300BDF511 /* UIView+Frame.m */ = {isa = PBXFileReference; fileEncoding = 4; lastKnownFileType = sourcecode.c.objc; path = "UIView+Frame.m"; sourceTree = "<group>"; };
		E594E0672003ABB300BDF511 /* NSMutableDictionary+Utility.h */ = {isa = PBXFileReference; fileEncoding = 4; lastKnownFileType = sourcecode.c.h; path = "NSMutableDictionary+Utility.h"; sourceTree = "<group>"; };
		E594E0682003ABB300BDF511 /* NSBundle+Module.h */ = {isa = PBXFileReference; fileEncoding = 4; lastKnownFileType = sourcecode.c.h; path = "NSBundle+Module.h"; sourceTree = "<group>"; };
		E594E0692003ABB300BDF511 /* NSString+DrawingAdapter.h */ = {isa = PBXFileReference; fileEncoding = 4; lastKnownFileType = sourcecode.c.h; path = "NSString+DrawingAdapter.h"; sourceTree = "<group>"; };
		E594E06A2003ABB400BDF511 /* NSDate+gyh.m */ = {isa = PBXFileReference; fileEncoding = 4; lastKnownFileType = sourcecode.c.objc; path = "NSDate+gyh.m"; sourceTree = "<group>"; };
		E594E06B2003ABB400BDF511 /* NSString+Utility.h */ = {isa = PBXFileReference; fileEncoding = 4; lastKnownFileType = sourcecode.c.h; path = "NSString+Utility.h"; sourceTree = "<group>"; };
		E594E06C2003ABB400BDF511 /* UIButton+Addition.h */ = {isa = PBXFileReference; fileEncoding = 4; lastKnownFileType = sourcecode.c.h; path = "UIButton+Addition.h"; sourceTree = "<group>"; };
		E594E06D2003ABB400BDF511 /* NSBundle+Module.m */ = {isa = PBXFileReference; fileEncoding = 4; lastKnownFileType = sourcecode.c.objc; path = "NSBundle+Module.m"; sourceTree = "<group>"; };
		E594E06E2003ABB600BDF511 /* NSString+URL.h */ = {isa = PBXFileReference; fileEncoding = 4; lastKnownFileType = sourcecode.c.h; path = "NSString+URL.h"; sourceTree = "<group>"; };
		E594E06F2003ABB700BDF511 /* UIColor+Utility.h */ = {isa = PBXFileReference; fileEncoding = 4; lastKnownFileType = sourcecode.c.h; path = "UIColor+Utility.h"; sourceTree = "<group>"; };
		E594E0702003ABB700BDF511 /* NSDate+gyh.h */ = {isa = PBXFileReference; fileEncoding = 4; lastKnownFileType = sourcecode.c.h; path = "NSDate+gyh.h"; sourceTree = "<group>"; };
		E594E0712003ABB700BDF511 /* UIColor+Utility.m */ = {isa = PBXFileReference; fileEncoding = 4; lastKnownFileType = sourcecode.c.objc; path = "UIColor+Utility.m"; sourceTree = "<group>"; };
		E594E0722003ABB800BDF511 /* UIImage+Utility.h */ = {isa = PBXFileReference; fileEncoding = 4; lastKnownFileType = sourcecode.c.h; path = "UIImage+Utility.h"; sourceTree = "<group>"; };
		E594E07E2003AEE200BDF511 /* AppInfo.h */ = {isa = PBXFileReference; fileEncoding = 4; lastKnownFileType = sourcecode.c.h; path = AppInfo.h; sourceTree = "<group>"; };
		E594E07F2003AEE200BDF511 /* AppInfo.m */ = {isa = PBXFileReference; fileEncoding = 4; lastKnownFileType = sourcecode.c.objc; path = AppInfo.m; sourceTree = "<group>"; };
/* End PBXFileReference section */

/* Begin PBXFrameworksBuildPhase section */
		E1A21DD91FFF319300596BB7 /* Frameworks */ = {
			isa = PBXFrameworksBuildPhase;
			buildActionMask = 2147483647;
			files = (
				F5BE3CBAD0F39EF485E36BCE /* Pods_UIDS.framework in Frameworks */,
			);
			runOnlyForDeploymentPostprocessing = 0;
		};
/* End PBXFrameworksBuildPhase section */

/* Begin PBXGroup section */
		95C2F0CD76E3AD6C4FCCBD23 /* Frameworks */ = {
			isa = PBXGroup;
			children = (
				5E0B3BDADA183A4F7C7B18FB /* Pods_UIDS.framework */,
			);
			name = Frameworks;
			sourceTree = "<group>";
		};
		DB31ACE4ABB8317BCCF4D7B3 /* Pods */ = {
			isa = PBXGroup;
			children = (
				40A5AF17359BE7B50D6E8B26 /* Pods-UIDS.debug.xcconfig */,
				C2F2C6A95BE461D02F16B861 /* Pods-UIDS.release.xcconfig */,
			);
			name = Pods;
			sourceTree = "<group>";
		};
		E1A21DD31FFF319300596BB7 = {
			isa = PBXGroup;
			children = (
				E1A21DDE1FFF319300596BB7 /* UIDS */,
				E1EDAB782005AF84004DD7B9 /* resource */,
				E1A21DDD1FFF319300596BB7 /* Products */,
				DB31ACE4ABB8317BCCF4D7B3 /* Pods */,
				95C2F0CD76E3AD6C4FCCBD23 /* Frameworks */,
			);
			sourceTree = "<group>";
		};
		E1A21DDD1FFF319300596BB7 /* Products */ = {
			isa = PBXGroup;
			children = (
				E1A21DDC1FFF319300596BB7 /* UIDS.app */,
			);
			name = Products;
			sourceTree = "<group>";
		};
		E1A21DDE1FFF319300596BB7 /* UIDS */ = {
			isa = PBXGroup;
			children = (
				E1F093B81FFF6A4000A6FD95 /* B+ */,
				E1EDAB4D1FFF86A1004DD7B9 /* mainVC */,
				E1A21DDF1FFF319300596BB7 /* AppDelegate.swift */,
				E1A21DE11FFF319300596BB7 /* ViewController.swift */,
				E1A21DE31FFF319300596BB7 /* Main.storyboard */,
				E1A21DE61FFF319300596BB7 /* Assets.xcassets */,
				E1A21DE81FFF319300596BB7 /* LaunchScreen.storyboard */,
				E1A21DEB1FFF319300596BB7 /* Info.plist */,
			);
			path = UIDS;
			sourceTree = "<group>";
		};
		E1C031A12005CC8200B1A377 /* modules */ = {
			isa = PBXGroup;
			children = (
				E1F5E26B200F0AF300FD18FD /* LoginView */,
				E1F5E26A200F0AF300FD18FD /* reg */,
				E1F5E268200F0A9100FD18FD /* GroupGender */,
				E1F5E269200F0A9100FD18FD /* GroupListTopic */,
				E1F5E266200F0A9100FD18FD /* GroupTopicSend */,
				E1F5E267200F0A9100FD18FD /* TopicList */,
				E1C03215200C366700B1A377 /* PersonalCenter */,
				E1C0320B2008921000B1A377 /* mainScrollView */,
				E1C0320E2008986000B1A377 /* ArticleList */,
				E1C031C12006383700B1A377 /* Slider */,
				E1C031BE20062CA900B1A377 /* OneImg */,
				E1C031A420061DC300B1A377 /* SwipImgArea */,
			);
			path = modules;
			sourceTree = "<group>";
		};
		E1C031A420061DC300B1A377 /* SwipImgArea */ = {
			isa = PBXGroup;
			children = (
				E1C031A520061DF500B1A377 /* SwipImgAreaCell.swift */,
				E1C031A720061E2800B1A377 /* SwipImgAreaView.swift */,
				E1C031A920061E6B00B1A377 /* SwipImgAreaPageControl.swift */,
				E1C031AB20061E8500B1A377 /* SwipImgAreaPillPageControl.swift */,
				E1C031AD20061EA000B1A377 /* SwipImgAreaSnakePageControl.swift */,
				E1C031B32006223C00B1A377 /* SwipImgAreaImagePageControl.swift */,
			);
			path = SwipImgArea;
			sourceTree = "<group>";
		};
		E1C031B52006235B00B1A377 /* img */ = {
			isa = PBXGroup;
			children = (
				E1C03236200DB45F00B1A377 /* goBackIcon@2x.png */,
				E1E31B84200F3B0D00776701 /* lastLoginTip@2x.png */,
				E1E31B77200F3ADF00776701 /* registerAndLogin_code_textField@2x.png */,
				E1E31B73200F3ADE00776701 /* registerAndLogin_confirm_logo@2x.png */,
				E1E31B70200F3ADE00776701 /* registerAndLogin_nickname_icon@2x.png */,
				E1E31B76200F3ADF00776701 /* registerAndLogin_nickname_triangleLogo@2x.png */,
				E1E31B6E200F3ADD00776701 /* registerAndLogin_password_hide_textfield@2x.png */,
				E1E31B74200F3ADE00776701 /* registerAndLogin_password_show_textfield@2x.png */,
				E1E31B6F200F3ADD00776701 /* registerAndLogin_password_textField@2x.png */,
				E1E31B71200F3ADE00776701 /* registerAndLogin_qq_button@2x.png */,
				E1E31B6D200F3ADD00776701 /* registerAndLogin_user_textField@2x.png */,
				E1E31B72200F3ADE00776701 /* registerAndLogin_wechat_button@2x.png */,
				E1E31B75200F3ADE00776701 /* registerAndLogin_weibo_button@2x.png */,
				E1E31B6C200F3ADC00776701 /* regview_tab_r@2x.png */,
				E1C031EB2007807000B1A377 /* test_0.png */,
				E1C031ED2007807600B1A377 /* test_1.png */,
				E1C031EF2007807B00B1A377 /* test_2.png */,
				E1C031F12007808200B1A377 /* test_3.png */,
				E1C031F32007808800B1A377 /* test_4.png */,
				E1C031F52007808D00B1A377 /* test_5.png */,
				E1C031F72007809300B1A377 /* test_6.png */,
				E1C031F92007809800B1A377 /* test_7.png */,
				E1C031FB2007809D00B1A377 /* test_8.png */,
				E1C031FD200780A300B1A377 /* test_9.png */,
				E1C031FF200780A800B1A377 /* test_10.png */,
				E1C03201200780AD00B1A377 /* test_11.png */,
				E1C03203200780B600B1A377 /* test_12.png */,
				E1C03205200780BC00B1A377 /* test_13.png */,
				E1C03207200780C300B1A377 /* test_14.png */,
				E1C03209200780C900B1A377 /* test_15.png */,
				E1C031E020070B3600B1A377 /* pageDot.png */,
				E1C031DF20070B3600B1A377 /* pageDot@2x.png */,
				E1C031D720070B2600B1A377 /* bg1@2x.png */,
				E1C031D920070B2600B1A377 /* bg2@2x.png */,
				E1C031D820070B2600B1A377 /* bg3@2x.png */,
				E1C031DA20070B2700B1A377 /* bg4@2x.png */,
				E1C031D020070B1500B1A377 /* title1@2x.png */,
				E1C031D120070B1600B1A377 /* title2@2x.png */,
				E1C031CF20070B1500B1A377 /* title3@2x.png */,
				E1C031D220070B1600B1A377 /* title4@2x.png */,
				E1C031B72006236400B1A377 /* lldotActive.png */,
				E1C031B62006236400B1A377 /* lldotInActive.png */,
				E1C031B82006236400B1A377 /* llplaceholder.png */,
			);
			path = img;
			sourceTree = "<group>";
		};
		E1C031BE20062CA900B1A377 /* OneImg */ = {
			isa = PBXGroup;
			children = (
				E1C031BF20062CBC00B1A377 /* OneImg.swift */,
			);
			path = OneImg;
			sourceTree = "<group>";
		};
		E1C031C12006383700B1A377 /* Slider */ = {
			isa = PBXGroup;
			children = (
				E1C031E92007805500B1A377 /* Slider.swift */,
			);
			path = Slider;
			sourceTree = "<group>";
		};
		E1C031C5200704CA00B1A377 /* LaunchGuide */ = {
			isa = PBXGroup;
			children = (
				E1C031C6200704DD00B1A377 /* EAIntroPage.h */,
				E1C031C8200704DE00B1A377 /* EAIntroPage.m */,
				E1C031C9200704DF00B1A377 /* EAIntroView.h */,
				E1C031C7200704DE00B1A377 /* EAIntroView.m */,
				E1C031CC200707A800B1A377 /* EARestrictedScrollView.h */,
				E1C031CD200707A800B1A377 /* EARestrictedScrollView.m */,
			);
			path = LaunchGuide;
			sourceTree = "<group>";
		};
		E1C0320B2008921000B1A377 /* mainScrollView */ = {
			isa = PBXGroup;
			children = (
				E1C0320C2008923500B1A377 /* MainScrollView.swift */,
			);
			path = mainScrollView;
			sourceTree = "<group>";
		};
		E1C0320E2008986000B1A377 /* ArticleList */ = {
			isa = PBXGroup;
			children = (
				E1C03218200C395000B1A377 /* ArticleListCell.swift */,
				E1C03219200C395000B1A377 /* ArticleListCell.xib */,
				E1C03231200CAF3600B1A377 /* ArticleList.swift */,
			);
			path = ArticleList;
			sourceTree = "<group>";
		};
		E1C03215200C366700B1A377 /* PersonalCenter */ = {
			isa = PBXGroup;
			children = (
				E1C03216200C367400B1A377 /* PersonalCenter.swift */,
			);
			path = PersonalCenter;
			sourceTree = "<group>";
		};
		E1C0321E200C3B2B00B1A377 /* data */ = {
			isa = PBXGroup;
			children = (
				E1C0321F200C3B2B00B1A377 /* UIAppInfo.json */,
				E1C03220200C3B2B00B1A377 /* UIPageList.json */,
			);
			path = data;
			sourceTree = "<group>";
		};
		E1C03223200C3B4300B1A377 /* model */ = {
			isa = PBXGroup;
			children = (
				E1C03226200C3E1B00B1A377 /* BaseModel.swift */,
				E1C03224200C3CFB00B1A377 /* AppModel.swift */,
				E1C0322D200C5AF500B1A377 /* PageInfo.swift */,
				E1C0322F200CA05C00B1A377 /* ConfigModel.swift */,
				E1C0323C200DF66700B1A377 /* TabberModel.swift */,
				E1C0323E200E13F400B1A377 /* AritcleModel.swift */,
				E1C03240200E15CF00B1A377 /* UserInfoModel.swift */,
			);
			path = model;
			sourceTree = "<group>";
		};
		E1C0322A200C428900B1A377 /* data */ = {
			isa = PBXGroup;
			children = (
				E1C0322B200C429B00B1A377 /* DownData.swift */,
			);
			path = data;
			sourceTree = "<group>";
		};
		E1C03233200CAFAD00B1A377 /* B+Net */ = {
			isa = PBXGroup;
			children = (
				E1C03234200CAFCA00B1A377 /* BRequestHandler.swift */,
			);
			path = "B+Net";
			sourceTree = "<group>";
		};
		E1EDAB4D1FFF86A1004DD7B9 /* mainVC */ = {
			isa = PBXGroup;
			children = (
				E1C0322A200C428900B1A377 /* data */,
				E1C03223200C3B4300B1A377 /* model */,
				E1C031A12005CC8200B1A377 /* modules */,
				E1C0319F2005CBF400B1A377 /* NextVC.swift */,
				E1EDAB7A2005B001004DD7B9 /* RootVC.swift */,
				E1C03228200C40D700B1A377 /* RootData.swift */,
				E1C031BC200623A300B1A377 /* RootGender.swift */,
				E1C0321C200C3A5D00B1A377 /* RootTable.swift */,
				E1EDAC342005BA0D004DD7B9 /* MainVC.swift */,
			);
			path = mainVC;
			sourceTree = "<group>";
		};
		E1EDAB5B200318D9004DD7B9 /* B+VC */ = {
			isa = PBXGroup;
			children = (
				E1EDAB6920033D25004DD7B9 /* BaseNameVC.h */,
				E1EDAB6620033D24004DD7B9 /* BaseNameVC.m */,
				E1EDAB5F20033D23004DD7B9 /* LoadBlockPtc.h */,
				E1EDAB6020033D23004DD7B9 /* LoadBlockView.h */,
				E1EDAB6220033D24004DD7B9 /* LoadBlockView.m */,
				E1EDAB6120033D23004DD7B9 /* LoadEmptyPtc.h */,
				E1EDAB6320033D24004DD7B9 /* LoadEmptyView.h */,
				E1EDAB6E20033D26004DD7B9 /* LoadEmptyView.m */,
				E1EDAB6A20033D25004DD7B9 /* NaviBarVC.h */,
				E1EDAB6420033D24004DD7B9 /* NaviBarVC.m */,
				E1EDAB6D20033D25004DD7B9 /* VCAnimation.h */,
				E1EDAB6B20033D25004DD7B9 /* VCAnimationBottom.h */,
				E1EDAB6F20033D26004DD7B9 /* VCAnimationBottom.m */,
				E1EDAB6820033D25004DD7B9 /* VCAnimationClassic.h */,
				E1EDAB6520033D24004DD7B9 /* VCAnimationClassic.m */,
				E1EDAB7020033D26004DD7B9 /* VCController.h */,
				E1EDAB6C20033D25004DD7B9 /* VCController.m */,
				E1EDAB6720033D24004DD7B9 /* VCControllerPtc.h */,
			);
			path = "B+VC";
			sourceTree = "<group>";
		};
		E1EDAB5C20031980004DD7B9 /* B+Util */ = {
			isa = PBXGroup;
			children = (
				E1C031C5200704CA00B1A377 /* LaunchGuide */,
				E594E07E2003AEE200BDF511 /* AppInfo.h */,
				E594E07F2003AEE200BDF511 /* AppInfo.m */,
				E1EDAB5D200319A5004DD7B9 /* Util.swift */,
				E1C031992005C08100B1A377 /* ExampleBasicContentView.swift */,
				E1C0319D2005C09D00B1A377 /* ExampleBouncesContentView.swift */,
				E1C031A22005CF5100B1A377 /* ExampleIrregularityBasicContentView.swift */,
				E1E31B8E200F4EC700776701 /* InputValidator.swift */,
			);
			path = "B+Util";
			sourceTree = "<group>";
		};
		E1EDAB782005AF84004DD7B9 /* resource */ = {
			isa = PBXGroup;
			children = (
				E1C0321E200C3B2B00B1A377 /* data */,
				E1C031B52006235B00B1A377 /* img */,
				E1EDAB9A2005B236004DD7B9 /* ToolsAnimation.plist */,
			);
			name = resource;
			path = UIDS/resource;
			sourceTree = "<group>";
		};
		E1F093B81FFF6A4000A6FD95 /* B+ */ = {
			isa = PBXGroup;
			children = (
				E1EDAB5A2003150D004DD7B9 /* Bridging-Header.h */,
				E1C03233200CAFAD00B1A377 /* B+Net */,
				E594E04E2003AB8700BDF511 /* B+Categories */,
				E594E04F2003AB8700BDF511 /* B+UIControl */,
				E1EDAB5B200318D9004DD7B9 /* B+VC */,
				E1EDAB5C20031980004DD7B9 /* B+Util */,
			);
			path = "B+";
			sourceTree = "<group>";
		};
		E1F5E266200F0A9100FD18FD /* GroupTopicSend */ = {
			isa = PBXGroup;
			children = (
			);
			path = GroupTopicSend;
			sourceTree = "<group>";
		};
		E1F5E267200F0A9100FD18FD /* TopicList */ = {
			isa = PBXGroup;
			children = (
			);
			path = TopicList;
			sourceTree = "<group>";
		};
		E1F5E268200F0A9100FD18FD /* GroupGender */ = {
			isa = PBXGroup;
			children = (
			);
			path = GroupGender;
			sourceTree = "<group>";
		};
		E1F5E269200F0A9100FD18FD /* GroupListTopic */ = {
			isa = PBXGroup;
			children = (
			);
			path = GroupListTopic;
			sourceTree = "<group>";
		};
		E1F5E26A200F0AF300FD18FD /* reg */ = {
			isa = PBXGroup;
			children = (
				E1E31B8C200F463A00776701 /* RegVC.swift */,
			);
			path = reg;
			sourceTree = "<group>";
		};
		E1F5E26B200F0AF300FD18FD /* LoginView */ = {
			isa = PBXGroup;
			children = (
				E1F5E26C200F0B4600FD18FD /* LoginView.swift */,
				E1F5E272200F2D7500FD18FD /* LoginInit.swift */,
				E1F5E276200F343200FD18FD /* ThridLoginVC.swift */,
				E1F5E274200F340500FD18FD /* AccountLoginVC.swift */,
				E1F5E278200F356000FD18FD /* AccountLoginable.swift */,
				E1E31B87200F439A00776701 /* HCOtherLoginModeView.swift */,
				E1E31B86200F439A00776701 /* HCOtherLoginModeView.xib */,
				E1E31B90200F522E00776701 /* HCAccountLoginViewModel.swift */,
				E1E31B92200F524400776701 /* HCAccountLoginResult.swift */,
				E1E31B94200F529200776701 /* HCAccountLoginService.swift */,
			);
			path = LoginView;
			sourceTree = "<group>";
		};
		E594E04E2003AB8700BDF511 /* B+Categories */ = {
			isa = PBXGroup;
			children = (
				E594E0682003ABB300BDF511 /* NSBundle+Module.h */,
				E594E06D2003ABB400BDF511 /* NSBundle+Module.m */,
				E594E0702003ABB700BDF511 /* NSDate+gyh.h */,
				E594E06A2003ABB400BDF511 /* NSDate+gyh.m */,
				E594E0672003ABB300BDF511 /* NSMutableDictionary+Utility.h */,
				E594E0652003ABB300BDF511 /* NSMutableDictionary+Utility.m */,
				E594E0692003ABB300BDF511 /* NSString+DrawingAdapter.h */,
				E594E05E2003ABB100BDF511 /* NSString+DrawingAdapter.m */,
				E594E06E2003ABB600BDF511 /* NSString+URL.h */,
				E594E0612003ABB200BDF511 /* NSString+URL.m */,
				E594E06B2003ABB400BDF511 /* NSString+Utility.h */,
				E594E0622003ABB200BDF511 /* NSString+Utility.m */,
				E594E06C2003ABB400BDF511 /* UIButton+Addition.h */,
				E594E05D2003ABB100BDF511 /* UIButton+Addition.m */,
				E594E06F2003ABB700BDF511 /* UIColor+Utility.h */,
				E594E0712003ABB700BDF511 /* UIColor+Utility.m */,
				E594E0722003ABB800BDF511 /* UIImage+Utility.h */,
				E594E0632003ABB200BDF511 /* UIImage+Utility.m */,
				E594E05F2003ABB100BDF511 /* UIImageView+GIFDecode.h */,
				E594E0602003ABB100BDF511 /* UIImageView+GIFDecode.m */,
				E594E0642003ABB200BDF511 /* UIView+Frame.h */,
				E594E0662003ABB300BDF511 /* UIView+Frame.m */,
				E1C031B12006217C00B1A377 /* UIViewEXT.swift */,
				E1C031E720076DF400B1A377 /* SafeTabber.swift */,
				E1C0323A200DD86600B1A377 /* DImgTabber.swift */,
				E1F5E26E200F0F3700FD18FD /* NaviDefult.swift */,
				E1F5E270200F28D800FD18FD /* String+GetSize.swift */,
				E1E31B8A200F43B900776701 /* NibLoadable.swift */,
			);
			path = "B+Categories";
			sourceTree = "<group>";
		};
		E594E04F2003AB8700BDF511 /* B+UIControl */ = {
			isa = PBXGroup;
			children = (
				E594E0542003ABA200BDF511 /* NaviBar */,
				E594E0522003ABA100BDF511 /* LightControl.h */,
				E594E0532003ABA100BDF511 /* LightControl.m */,
				E594E0502003ABA100BDF511 /* ScrollColorHeader.h */,
				E594E0512003ABA100BDF511 /* ScrollColorHeader.m */,
			);
			path = "B+UIControl";
			sourceTree = "<group>";
		};
		E594E0542003ABA200BDF511 /* NaviBar */ = {
			isa = PBXGroup;
			children = (
				E594E0582003ABA200BDF511 /* NaviBar.h */,
				E594E0552003ABA200BDF511 /* NaviBar.m */,
				E594E0562003ABA200BDF511 /* NaviBarItem.h */,
				E594E0572003ABA200BDF511 /* NaviBarItem.m */,
			);
			path = NaviBar;
			sourceTree = "<group>";
		};
/* End PBXGroup section */

/* Begin PBXNativeTarget section */
		E1A21DDB1FFF319300596BB7 /* UIDS */ = {
			isa = PBXNativeTarget;
			buildConfigurationList = E1A21DEE1FFF319300596BB7 /* Build configuration list for PBXNativeTarget "UIDS" */;
			buildPhases = (
				0F3E59561B8E96E3B7087727 /* [CP] Check Pods Manifest.lock */,
				E1A21DD81FFF319300596BB7 /* Sources */,
				E1A21DD91FFF319300596BB7 /* Frameworks */,
				E1A21DDA1FFF319300596BB7 /* Resources */,
				79259C4F8F0FCDB0C85CE9B9 /* [CP] Embed Pods Frameworks */,
				5315534B711BE3CE83958554 /* [CP] Copy Pods Resources */,
			);
			buildRules = (
			);
			dependencies = (
			);
			name = UIDS;
			productName = UIDS;
			productReference = E1A21DDC1FFF319300596BB7 /* UIDS.app */;
			productType = "com.apple.product-type.application";
		};
/* End PBXNativeTarget section */

/* Begin PBXProject section */
		E1A21DD41FFF319300596BB7 /* Project object */ = {
			isa = PBXProject;
			attributes = {
				LastSwiftUpdateCheck = 0800;
				LastUpgradeCheck = 0800;
				ORGANIZATIONNAME = one2much;
				TargetAttributes = {
					E1A21DDB1FFF319300596BB7 = {
						CreatedOnToolsVersion = 8.0;
						LastSwiftMigration = 0920;
						ProvisioningStyle = Automatic;
					};
				};
			};
			buildConfigurationList = E1A21DD71FFF319300596BB7 /* Build configuration list for PBXProject "UIDS" */;
			compatibilityVersion = "Xcode 3.2";
			developmentRegion = English;
			hasScannedForEncodings = 0;
			knownRegions = (
				en,
				Base,
			);
			mainGroup = E1A21DD31FFF319300596BB7;
			productRefGroup = E1A21DDD1FFF319300596BB7 /* Products */;
			projectDirPath = "";
			projectRoot = "";
			targets = (
				E1A21DDB1FFF319300596BB7 /* UIDS */,
			);
		};
/* End PBXProject section */

/* Begin PBXResourcesBuildPhase section */
		E1A21DDA1FFF319300596BB7 /* Resources */ = {
			isa = PBXResourcesBuildPhase;
			buildActionMask = 2147483647;
			files = (
				E1C031D520070B1600B1A377 /* title2@2x.png in Resources */,
				E1C031DB20070B2700B1A377 /* bg1@2x.png in Resources */,
				E1C03208200780C300B1A377 /* test_14.png in Resources */,
				E1C031B92006236500B1A377 /* lldotInActive.png in Resources */,
				E1E31B7E200F3ADF00776701 /* registerAndLogin_wechat_button@2x.png in Resources */,
				E1E31B7F200F3ADF00776701 /* registerAndLogin_confirm_logo@2x.png in Resources */,
				E1C031BA2006236500B1A377 /* lldotActive.png in Resources */,
				E1C03206200780BC00B1A377 /* test_13.png in Resources */,
				E1C03202200780AD00B1A377 /* test_11.png in Resources */,
				E1C031EE2007807600B1A377 /* test_1.png in Resources */,
				E1C031DE20070B2700B1A377 /* bg4@2x.png in Resources */,
				E1C031D620070B1600B1A377 /* title4@2x.png in Resources */,
				E1E31B7B200F3ADF00776701 /* registerAndLogin_password_textField@2x.png in Resources */,
				E1C03204200780B600B1A377 /* test_12.png in Resources */,
				E1E31B83200F3ADF00776701 /* registerAndLogin_code_textField@2x.png in Resources */,
				E1E31B7C200F3ADF00776701 /* registerAndLogin_nickname_icon@2x.png in Resources */,
				E1A21DEA1FFF319300596BB7 /* LaunchScreen.storyboard in Resources */,
				E1EDAB9B2005B236004DD7B9 /* ToolsAnimation.plist in Resources */,
				E1A21DE71FFF319300596BB7 /* Assets.xcassets in Resources */,
				E1E31B81200F3ADF00776701 /* registerAndLogin_weibo_button@2x.png in Resources */,
				E1C031F82007809300B1A377 /* test_6.png in Resources */,
				E1C031BB2006236500B1A377 /* llplaceholder.png in Resources */,
				E1A21DE51FFF319300596BB7 /* Main.storyboard in Resources */,
				E1C031DD20070B2700B1A377 /* bg2@2x.png in Resources */,
				E1C0321B200C395000B1A377 /* ArticleListCell.xib in Resources */,
				E1E31B85200F3B0D00776701 /* lastLoginTip@2x.png in Resources */,
				E1E31B78200F3ADF00776701 /* regview_tab_r@2x.png in Resources */,
				E1C03237200DB45F00B1A377 /* goBackIcon@2x.png in Resources */,
				E1C031FC2007809D00B1A377 /* test_8.png in Resources */,
				E1E31B7D200F3ADF00776701 /* registerAndLogin_qq_button@2x.png in Resources */,
				E1C031F22007808200B1A377 /* test_3.png in Resources */,
				E1C031FE200780A300B1A377 /* test_9.png in Resources */,
				E1C031E220070B3600B1A377 /* pageDot.png in Resources */,
				E1E31B79200F3ADF00776701 /* registerAndLogin_user_textField@2x.png in Resources */,
				E1C03200200780A900B1A377 /* test_10.png in Resources */,
				E1C031DC20070B2700B1A377 /* bg3@2x.png in Resources */,
				E1C031D420070B1600B1A377 /* title1@2x.png in Resources */,
				E1C031FA2007809800B1A377 /* test_7.png in Resources */,
				E1C031D320070B1600B1A377 /* title3@2x.png in Resources */,
				E1E31B7A200F3ADF00776701 /* registerAndLogin_password_hide_textfield@2x.png in Resources */,
				E1C031EC2007807000B1A377 /* test_0.png in Resources */,
				E1C031F02007807C00B1A377 /* test_2.png in Resources */,
				E1C03222200C3B2B00B1A377 /* UIPageList.json in Resources */,
				E1C0320A200780C900B1A377 /* test_15.png in Resources */,
				E1C031F62007808E00B1A377 /* test_5.png in Resources */,
				E1C031F42007808800B1A377 /* test_4.png in Resources */,
				E1C031E120070B3600B1A377 /* pageDot@2x.png in Resources */,
				E1E31B80200F3ADF00776701 /* registerAndLogin_password_show_textfield@2x.png in Resources */,
				E1C03221200C3B2B00B1A377 /* UIAppInfo.json in Resources */,
				E1E31B82200F3ADF00776701 /* registerAndLogin_nickname_triangleLogo@2x.png in Resources */,
				E1E31B88200F439A00776701 /* HCOtherLoginModeView.xib in Resources */,
			);
			runOnlyForDeploymentPostprocessing = 0;
		};
/* End PBXResourcesBuildPhase section */

/* Begin PBXShellScriptBuildPhase section */
		0F3E59561B8E96E3B7087727 /* [CP] Check Pods Manifest.lock */ = {
			isa = PBXShellScriptBuildPhase;
			buildActionMask = 2147483647;
			files = (
			);
			inputPaths = (
				"${PODS_PODFILE_DIR_PATH}/Podfile.lock",
				"${PODS_ROOT}/Manifest.lock",
			);
			name = "[CP] Check Pods Manifest.lock";
			outputPaths = (
				"$(DERIVED_FILE_DIR)/Pods-UIDS-checkManifestLockResult.txt",
			);
			runOnlyForDeploymentPostprocessing = 0;
			shellPath = /bin/sh;
			shellScript = "diff \"${PODS_PODFILE_DIR_PATH}/Podfile.lock\" \"${PODS_ROOT}/Manifest.lock\" > /dev/null\nif [ $? != 0 ] ; then\n    # print error to STDERR\n    echo \"error: The sandbox is not in sync with the Podfile.lock. Run 'pod install' or update your CocoaPods installation.\" >&2\n    exit 1\nfi\n# This output is used by Xcode 'outputs' to avoid re-running this script phase.\necho \"SUCCESS\" > \"${SCRIPT_OUTPUT_FILE_0}\"\n";
			showEnvVarsInLog = 0;
		};
		5315534B711BE3CE83958554 /* [CP] Copy Pods Resources */ = {
			isa = PBXShellScriptBuildPhase;
			buildActionMask = 2147483647;
			files = (
			);
			inputPaths = (
			);
			name = "[CP] Copy Pods Resources";
			outputPaths = (
			);
			runOnlyForDeploymentPostprocessing = 0;
			shellPath = /bin/sh;
			shellScript = "\"${SRCROOT}/Pods/Target Support Files/Pods-UIDS/Pods-UIDS-resources.sh\"\n";
			showEnvVarsInLog = 0;
		};
		79259C4F8F0FCDB0C85CE9B9 /* [CP] Embed Pods Frameworks */ = {
			isa = PBXShellScriptBuildPhase;
			buildActionMask = 2147483647;
			files = (
			);
			inputPaths = (
				"${SRCROOT}/Pods/Target Support Files/Pods-UIDS/Pods-UIDS-frameworks.sh",
				"${BUILT_PRODUCTS_DIR}/Alamofire/Alamofire.framework",
				"${BUILT_PRODUCTS_DIR}/BWWalkthrough/BWWalkthrough.framework",
				"${BUILT_PRODUCTS_DIR}/ChameleonFramework/ChameleonFramework.framework",
				"${BUILT_PRODUCTS_DIR}/DZNEmptyDataSet/DZNEmptyDataSet.framework",
				"${BUILT_PRODUCTS_DIR}/Dodo/Dodo.framework",
				"${BUILT_PRODUCTS_DIR}/ESTabBarController-swift/ESTabBarController_swift.framework",
				"${BUILT_PRODUCTS_DIR}/FontAwesomeKit/FontAwesomeKit.framework",
				"${BUILT_PRODUCTS_DIR}/HandyJSON/HandyJSON.framework",
				"${BUILT_PRODUCTS_DIR}/IQKeyboardManagerSwift/IQKeyboardManagerSwift.framework",
				"${BUILT_PRODUCTS_DIR}/MJRefresh/MJRefresh.framework",
				"${BUILT_PRODUCTS_DIR}/MagicalRecord/MagicalRecord.framework",
				"${BUILT_PRODUCTS_DIR}/NSObject+Rx/NSObject_Rx.framework",
				"${BUILT_PRODUCTS_DIR}/PKRevealController/PKRevealController.framework",
				"${BUILT_PRODUCTS_DIR}/PermissionScope/PermissionScope.framework",
				"${BUILT_PRODUCTS_DIR}/REFormattedNumberField/REFormattedNumberField.framework",
				"${BUILT_PRODUCTS_DIR}/RETableViewManager/RETableViewManager.framework",
				"${BUILT_PRODUCTS_DIR}/REValidation/REValidation.framework",
				"${BUILT_PRODUCTS_DIR}/Reachability/Reachability.framework",
				"${BUILT_PRODUCTS_DIR}/RxCocoa/RxCocoa.framework",
				"${BUILT_PRODUCTS_DIR}/RxGesture/RxGesture.framework",
				"${BUILT_PRODUCTS_DIR}/RxSwift/RxSwift.framework",
				"${BUILT_PRODUCTS_DIR}/SDWebImage/SDWebImage.framework",
				"${BUILT_PRODUCTS_DIR}/SVProgressHUD/SVProgressHUD.framework",
				"${BUILT_PRODUCTS_DIR}/SnapKit/SnapKit.framework",
				"${BUILT_PRODUCTS_DIR}/SwiftyJSON/SwiftyJSON.framework",
				"${BUILT_PRODUCTS_DIR}/TYPagerController/TYPagerController.framework",
				"${BUILT_PRODUCTS_DIR}/Then/Then.framework",
				"${BUILT_PRODUCTS_DIR}/iRate/iRate.framework",
			);
			name = "[CP] Embed Pods Frameworks";
			outputPaths = (
				"${TARGET_BUILD_DIR}/${FRAMEWORKS_FOLDER_PATH}/Alamofire.framework",
				"${TARGET_BUILD_DIR}/${FRAMEWORKS_FOLDER_PATH}/BWWalkthrough.framework",
				"${TARGET_BUILD_DIR}/${FRAMEWORKS_FOLDER_PATH}/ChameleonFramework.framework",
				"${TARGET_BUILD_DIR}/${FRAMEWORKS_FOLDER_PATH}/DZNEmptyDataSet.framework",
				"${TARGET_BUILD_DIR}/${FRAMEWORKS_FOLDER_PATH}/Dodo.framework",
				"${TARGET_BUILD_DIR}/${FRAMEWORKS_FOLDER_PATH}/ESTabBarController_swift.framework",
				"${TARGET_BUILD_DIR}/${FRAMEWORKS_FOLDER_PATH}/FontAwesomeKit.framework",
				"${TARGET_BUILD_DIR}/${FRAMEWORKS_FOLDER_PATH}/HandyJSON.framework",
				"${TARGET_BUILD_DIR}/${FRAMEWORKS_FOLDER_PATH}/IQKeyboardManagerSwift.framework",
				"${TARGET_BUILD_DIR}/${FRAMEWORKS_FOLDER_PATH}/MJRefresh.framework",
				"${TARGET_BUILD_DIR}/${FRAMEWORKS_FOLDER_PATH}/MagicalRecord.framework",
				"${TARGET_BUILD_DIR}/${FRAMEWORKS_FOLDER_PATH}/NSObject_Rx.framework",
				"${TARGET_BUILD_DIR}/${FRAMEWORKS_FOLDER_PATH}/PKRevealController.framework",
				"${TARGET_BUILD_DIR}/${FRAMEWORKS_FOLDER_PATH}/PermissionScope.framework",
				"${TARGET_BUILD_DIR}/${FRAMEWORKS_FOLDER_PATH}/REFormattedNumberField.framework",
				"${TARGET_BUILD_DIR}/${FRAMEWORKS_FOLDER_PATH}/RETableViewManager.framework",
				"${TARGET_BUILD_DIR}/${FRAMEWORKS_FOLDER_PATH}/REValidation.framework",
				"${TARGET_BUILD_DIR}/${FRAMEWORKS_FOLDER_PATH}/Reachability.framework",
				"${TARGET_BUILD_DIR}/${FRAMEWORKS_FOLDER_PATH}/RxCocoa.framework",
				"${TARGET_BUILD_DIR}/${FRAMEWORKS_FOLDER_PATH}/RxGesture.framework",
				"${TARGET_BUILD_DIR}/${FRAMEWORKS_FOLDER_PATH}/RxSwift.framework",
				"${TARGET_BUILD_DIR}/${FRAMEWORKS_FOLDER_PATH}/SDWebImage.framework",
				"${TARGET_BUILD_DIR}/${FRAMEWORKS_FOLDER_PATH}/SVProgressHUD.framework",
				"${TARGET_BUILD_DIR}/${FRAMEWORKS_FOLDER_PATH}/SnapKit.framework",
				"${TARGET_BUILD_DIR}/${FRAMEWORKS_FOLDER_PATH}/SwiftyJSON.framework",
				"${TARGET_BUILD_DIR}/${FRAMEWORKS_FOLDER_PATH}/TYPagerController.framework",
				"${TARGET_BUILD_DIR}/${FRAMEWORKS_FOLDER_PATH}/Then.framework",
				"${TARGET_BUILD_DIR}/${FRAMEWORKS_FOLDER_PATH}/iRate.framework",
			);
			runOnlyForDeploymentPostprocessing = 0;
			shellPath = /bin/sh;
			shellScript = "\"${SRCROOT}/Pods/Target Support Files/Pods-UIDS/Pods-UIDS-frameworks.sh\"\n";
			showEnvVarsInLog = 0;
		};
/* End PBXShellScriptBuildPhase section */

/* Begin PBXSourcesBuildPhase section */
		E1A21DD81FFF319300596BB7 /* Sources */ = {
			isa = PBXSourcesBuildPhase;
			buildActionMask = 2147483647;
			files = (
				E1E31B95200F529300776701 /* HCAccountLoginService.swift in Sources */,
				E594E07A2003ABB800BDF511 /* UIView+Frame.m in Sources */,
				E1A21DE21FFF319300596BB7 /* ViewController.swift in Sources */,
				E1C031C020062CBC00B1A377 /* OneImg.swift in Sources */,
				E1C03230200CA05C00B1A377 /* ConfigModel.swift in Sources */,
				E594E0592003ABA200BDF511 /* ScrollColorHeader.m in Sources */,
				E1E31B8D200F463A00776701 /* RegVC.swift in Sources */,
				E1C031A620061DF500B1A377 /* SwipImgAreaCell.swift in Sources */,
				E1C0320D2008923500B1A377 /* MainScrollView.swift in Sources */,
				E1EDAB7520033D26004DD7B9 /* VCController.m in Sources */,
				E1EDAB7320033D26004DD7B9 /* VCAnimationClassic.m in Sources */,
				E1F5E273200F2D7500FD18FD /* LoginInit.swift in Sources */,
				E1E31B91200F522E00776701 /* HCAccountLoginViewModel.swift in Sources */,
				E1C031B42006223C00B1A377 /* SwipImgAreaImagePageControl.swift in Sources */,
				E1EDAB7720033D26004DD7B9 /* VCAnimationBottom.m in Sources */,
				E1C03225200C3CFB00B1A377 /* AppModel.swift in Sources */,
				E1C0321A200C395000B1A377 /* ArticleListCell.swift in Sources */,
				E1C031CB200704DF00B1A377 /* EAIntroPage.m in Sources */,
				E594E07D2003ABB800BDF511 /* UIColor+Utility.m in Sources */,
				E1EDAB5E200319A5004DD7B9 /* Util.swift in Sources */,
				E1C031E820076DF400B1A377 /* SafeTabber.swift in Sources */,
				E1C031A820061E2800B1A377 /* SwipImgAreaView.swift in Sources */,
				E594E07C2003ABB800BDF511 /* NSBundle+Module.m in Sources */,
				E594E0772003ABB800BDF511 /* NSString+Utility.m in Sources */,
				E594E0762003ABB800BDF511 /* NSString+URL.m in Sources */,
				E1C031A32005CF5200B1A377 /* ExampleIrregularityBasicContentView.swift in Sources */,
				E1C031AC20061E8500B1A377 /* SwipImgAreaPillPageControl.swift in Sources */,
				E1C0322E200C5AF500B1A377 /* PageInfo.swift in Sources */,
				E1C0319E2005C09D00B1A377 /* ExampleBouncesContentView.swift in Sources */,
				E1C03235200CAFCA00B1A377 /* BRequestHandler.swift in Sources */,
				E1EDAB7420033D26004DD7B9 /* BaseNameVC.m in Sources */,
				E1F5E275200F340500FD18FD /* AccountLoginVC.swift in Sources */,
				E594E0732003ABB800BDF511 /* UIButton+Addition.m in Sources */,
				E1EDAC352005BA0D004DD7B9 /* MainVC.swift in Sources */,
				E1F5E26F200F0F3700FD18FD /* NaviDefult.swift in Sources */,
				E594E05B2003ABA200BDF511 /* NaviBar.m in Sources */,
				E1C03229200C40D700B1A377 /* RootData.swift in Sources */,
				E1C031B22006217C00B1A377 /* UIViewEXT.swift in Sources */,
				E1C031A02005CBF400B1A377 /* NextVC.swift in Sources */,
				E1EDAB7620033D26004DD7B9 /* LoadEmptyView.m in Sources */,
				E594E0752003ABB800BDF511 /* UIImageView+GIFDecode.m in Sources */,
				E1E31B8F200F4EC700776701 /* InputValidator.swift in Sources */,
				E594E0802003AEE200BDF511 /* AppInfo.m in Sources */,
				E594E05C2003ABA200BDF511 /* NaviBarItem.m in Sources */,
				E1EDAB7B2005B001004DD7B9 /* RootVC.swift in Sources */,
				E594E0742003ABB800BDF511 /* NSString+DrawingAdapter.m in Sources */,
				E1C031EA2007805500B1A377 /* Slider.swift in Sources */,
				E1C0322C200C429B00B1A377 /* DownData.swift in Sources */,
				E1C0323D200DF66700B1A377 /* TabberModel.swift in Sources */,
				E594E0792003ABB800BDF511 /* NSMutableDictionary+Utility.m in Sources */,
				E1F5E277200F343200FD18FD /* ThridLoginVC.swift in Sources */,
				E1EDAB7220033D26004DD7B9 /* NaviBarVC.m in Sources */,
				E1E31B89200F439A00776701 /* HCOtherLoginModeView.swift in Sources */,
				E1C031AE20061EA000B1A377 /* SwipImgAreaSnakePageControl.swift in Sources */,
				E594E05A2003ABA200BDF511 /* LightControl.m in Sources */,
				E1C03217200C367400B1A377 /* PersonalCenter.swift in Sources */,
				E594E07B2003ABB800BDF511 /* NSDate+gyh.m in Sources */,
				E1F5E271200F28D800FD18FD /* String+GetSize.swift in Sources */,
				E1C03227200C3E1B00B1A377 /* BaseModel.swift in Sources */,
				E1C031CE200707A800B1A377 /* EARestrictedScrollView.m in Sources */,
				E1E31B8B200F43B900776701 /* NibLoadable.swift in Sources */,
				E1C0319A2005C08100B1A377 /* ExampleBasicContentView.swift in Sources */,
				E1C031AA20061E6B00B1A377 /* SwipImgAreaPageControl.swift in Sources */,
				E1C03241200E15CF00B1A377 /* UserInfoModel.swift in Sources */,
				E1F5E279200F356000FD18FD /* AccountLoginable.swift in Sources */,
				E1C0323B200DD86600B1A377 /* DImgTabber.swift in Sources */,
				E1C0321D200C3A5D00B1A377 /* RootTable.swift in Sources */,
				E1C031BD200623A300B1A377 /* RootGender.swift in Sources */,
				E1EDAB7120033D26004DD7B9 /* LoadBlockView.m in Sources */,
				E1F5E26D200F0B4600FD18FD /* LoginView.swift in Sources */,
				E594E0782003ABB800BDF511 /* UIImage+Utility.m in Sources */,
				E1E31B93200F524500776701 /* HCAccountLoginResult.swift in Sources */,
				E1A21DE01FFF319300596BB7 /* AppDelegate.swift in Sources */,
				E1C031CA200704DF00B1A377 /* EAIntroView.m in Sources */,
				E1C03232200CAF3600B1A377 /* ArticleList.swift in Sources */,
				E1C0323F200E13F400B1A377 /* AritcleModel.swift in Sources */,
			);
			runOnlyForDeploymentPostprocessing = 0;
		};
/* End PBXSourcesBuildPhase section */

/* Begin PBXVariantGroup section */
		E1A21DE31FFF319300596BB7 /* Main.storyboard */ = {
			isa = PBXVariantGroup;
			children = (
				E1A21DE41FFF319300596BB7 /* Base */,
			);
			name = Main.storyboard;
			sourceTree = "<group>";
		};
		E1A21DE81FFF319300596BB7 /* LaunchScreen.storyboard */ = {
			isa = PBXVariantGroup;
			children = (
				E1A21DE91FFF319300596BB7 /* Base */,
			);
			name = LaunchScreen.storyboard;
			sourceTree = "<group>";
		};
/* End PBXVariantGroup section */

/* Begin XCBuildConfiguration section */
		E1A21DEC1FFF319300596BB7 /* Debug */ = {
			isa = XCBuildConfiguration;
			buildSettings = {
				ALWAYS_SEARCH_USER_PATHS = NO;
				CLANG_ANALYZER_NONNULL = YES;
				CLANG_CXX_LANGUAGE_STANDARD = "gnu++0x";
				CLANG_CXX_LIBRARY = "libc++";
				CLANG_ENABLE_MODULES = YES;
				CLANG_ENABLE_OBJC_ARC = YES;
				CLANG_WARN_BOOL_CONVERSION = YES;
				CLANG_WARN_CONSTANT_CONVERSION = YES;
				CLANG_WARN_DIRECT_OBJC_ISA_USAGE = YES_ERROR;
				CLANG_WARN_DOCUMENTATION_COMMENTS = YES;
				CLANG_WARN_EMPTY_BODY = YES;
				CLANG_WARN_ENUM_CONVERSION = YES;
				CLANG_WARN_INFINITE_RECURSION = YES;
				CLANG_WARN_INT_CONVERSION = YES;
				CLANG_WARN_OBJC_ROOT_CLASS = YES_ERROR;
				CLANG_WARN_SUSPICIOUS_MOVES = YES;
				CLANG_WARN_UNREACHABLE_CODE = YES;
				CLANG_WARN__DUPLICATE_METHOD_MATCH = YES;
				"CODE_SIGN_IDENTITY[sdk=iphoneos*]" = "iPhone Developer";
				COPY_PHASE_STRIP = NO;
				DEBUG_INFORMATION_FORMAT = dwarf;
				ENABLE_STRICT_OBJC_MSGSEND = YES;
				ENABLE_TESTABILITY = YES;
				GCC_C_LANGUAGE_STANDARD = gnu99;
				GCC_DYNAMIC_NO_PIC = NO;
				GCC_NO_COMMON_BLOCKS = YES;
				GCC_OPTIMIZATION_LEVEL = 0;
				GCC_PREPROCESSOR_DEFINITIONS = (
					"DEBUG=1",
					"$(inherited)",
				);
				GCC_WARN_64_TO_32_BIT_CONVERSION = YES;
				GCC_WARN_ABOUT_RETURN_TYPE = YES_ERROR;
				GCC_WARN_UNDECLARED_SELECTOR = YES;
				GCC_WARN_UNINITIALIZED_AUTOS = YES_AGGRESSIVE;
				GCC_WARN_UNUSED_FUNCTION = YES;
				GCC_WARN_UNUSED_VARIABLE = YES;
				IPHONEOS_DEPLOYMENT_TARGET = 10.0;
				MTL_ENABLE_DEBUG_INFO = YES;
				ONLY_ACTIVE_ARCH = YES;
				SDKROOT = iphoneos;
				SWIFT_ACTIVE_COMPILATION_CONDITIONS = DEBUG;
				SWIFT_OBJC_BRIDGING_HEADER = "$(SRCROOT)/UIDS/B+/Bridging-Header.h";
				SWIFT_OPTIMIZATION_LEVEL = "-Onone";
			};
			name = Debug;
		};
		E1A21DED1FFF319300596BB7 /* Release */ = {
			isa = XCBuildConfiguration;
			buildSettings = {
				ALWAYS_SEARCH_USER_PATHS = NO;
				CLANG_ANALYZER_NONNULL = YES;
				CLANG_CXX_LANGUAGE_STANDARD = "gnu++0x";
				CLANG_CXX_LIBRARY = "libc++";
				CLANG_ENABLE_MODULES = YES;
				CLANG_ENABLE_OBJC_ARC = YES;
				CLANG_WARN_BOOL_CONVERSION = YES;
				CLANG_WARN_CONSTANT_CONVERSION = YES;
				CLANG_WARN_DIRECT_OBJC_ISA_USAGE = YES_ERROR;
				CLANG_WARN_DOCUMENTATION_COMMENTS = YES;
				CLANG_WARN_EMPTY_BODY = YES;
				CLANG_WARN_ENUM_CONVERSION = YES;
				CLANG_WARN_INFINITE_RECURSION = YES;
				CLANG_WARN_INT_CONVERSION = YES;
				CLANG_WARN_OBJC_ROOT_CLASS = YES_ERROR;
				CLANG_WARN_SUSPICIOUS_MOVES = YES;
				CLANG_WARN_UNREACHABLE_CODE = YES;
				CLANG_WARN__DUPLICATE_METHOD_MATCH = YES;
				"CODE_SIGN_IDENTITY[sdk=iphoneos*]" = "iPhone Developer";
				COPY_PHASE_STRIP = NO;
				DEBUG_INFORMATION_FORMAT = "dwarf-with-dsym";
				ENABLE_NS_ASSERTIONS = NO;
				ENABLE_STRICT_OBJC_MSGSEND = YES;
				GCC_C_LANGUAGE_STANDARD = gnu99;
				GCC_NO_COMMON_BLOCKS = YES;
				GCC_WARN_64_TO_32_BIT_CONVERSION = YES;
				GCC_WARN_ABOUT_RETURN_TYPE = YES_ERROR;
				GCC_WARN_UNDECLARED_SELECTOR = YES;
				GCC_WARN_UNINITIALIZED_AUTOS = YES_AGGRESSIVE;
				GCC_WARN_UNUSED_FUNCTION = YES;
				GCC_WARN_UNUSED_VARIABLE = YES;
				IPHONEOS_DEPLOYMENT_TARGET = 10.0;
				MTL_ENABLE_DEBUG_INFO = NO;
				SDKROOT = iphoneos;
				SWIFT_OBJC_BRIDGING_HEADER = "$(SRCROOT)/UIDS/B+/Bridging-Header.h";
				SWIFT_OPTIMIZATION_LEVEL = "-Owholemodule";
				VALIDATE_PRODUCT = YES;
			};
			name = Release;
		};
		E1A21DEF1FFF319300596BB7 /* Debug */ = {
			isa = XCBuildConfiguration;
			baseConfigurationReference = 40A5AF17359BE7B50D6E8B26 /* Pods-UIDS.debug.xcconfig */;
			buildSettings = {
				ASSETCATALOG_COMPILER_APPICON_NAME = AppIcon;
				ASSETCATALOG_COMPILER_LAUNCHIMAGE_NAME = LaunchImage;
				CLANG_ENABLE_MODULES = YES;
				DEFINES_MODULE = YES;
				GCC_PREFIX_HEADER = "";
				INFOPLIST_FILE = UIDS/Info.plist;
				IPHONEOS_DEPLOYMENT_TARGET = 10.3;
				LD_RUNPATH_SEARCH_PATHS = "$(inherited) @executable_path/Frameworks";
				PRODUCT_BUNDLE_IDENTIFIER = com.c.UIDS;
				PRODUCT_NAME = "$(TARGET_NAME)";
				SWIFT_OBJC_BRIDGING_HEADER = "$(SRCROOT)/UIDS/B+/Bridging-Header.h";
				SWIFT_OPTIMIZATION_LEVEL = "-Onone";
				SWIFT_VERSION = 3.0;
				USER_HEADER_SEARCH_PATHS = "";
			};
			name = Debug;
		};
		E1A21DF01FFF319300596BB7 /* Release */ = {
			isa = XCBuildConfiguration;
			baseConfigurationReference = C2F2C6A95BE461D02F16B861 /* Pods-UIDS.release.xcconfig */;
			buildSettings = {
				ASSETCATALOG_COMPILER_APPICON_NAME = AppIcon;
				ASSETCATALOG_COMPILER_LAUNCHIMAGE_NAME = LaunchImage;
				CLANG_ENABLE_MODULES = YES;
				DEFINES_MODULE = YES;
				GCC_PREFIX_HEADER = "";
				INFOPLIST_FILE = UIDS/Info.plist;
				IPHONEOS_DEPLOYMENT_TARGET = 10.3;
				LD_RUNPATH_SEARCH_PATHS = "$(inherited) @executable_path/Frameworks";
				PRODUCT_BUNDLE_IDENTIFIER = com.c.UIDS;
				PRODUCT_NAME = "$(TARGET_NAME)";
				SWIFT_OBJC_BRIDGING_HEADER = "$(SRCROOT)/UIDS/B+/Bridging-Header.h";
				SWIFT_VERSION = 3.0;
				USER_HEADER_SEARCH_PATHS = "";
			};
			name = Release;
		};
/* End XCBuildConfiguration section */

/* Begin XCConfigurationList section */
		E1A21DD71FFF319300596BB7 /* Build configuration list for PBXProject "UIDS" */ = {
			isa = XCConfigurationList;
			buildConfigurations = (
				E1A21DEC1FFF319300596BB7 /* Debug */,
				E1A21DED1FFF319300596BB7 /* Release */,
			);
			defaultConfigurationIsVisible = 0;
			defaultConfigurationName = Release;
		};
		E1A21DEE1FFF319300596BB7 /* Build configuration list for PBXNativeTarget "UIDS" */ = {
			isa = XCConfigurationList;
			buildConfigurations = (
				E1A21DEF1FFF319300596BB7 /* Debug */,
				E1A21DF01FFF319300596BB7 /* Release */,
			);
			defaultConfigurationIsVisible = 0;
			defaultConfigurationName = Release;
		};
/* End XCConfigurationList section */
	};
	rootObject = E1A21DD41FFF319300596BB7 /* Project object */;
}
